// !$*UTF8*$!
{
	archiveVersion = 1;
	classes = {
	};
	objectVersion = 46;
	objects = {

/* Begin PBXBuildFile section */
		421B84D41F4DB26C003FE9EE /* YDV2TManager.m in Sources */ = {isa = PBXBuildFile; fileRef = 421B84D31F4DB26C003FE9EE /* YDV2TManager.m */; };
		421B84D71F4DB27C003FE9EE /* YDV2TTool.m in Sources */ = {isa = PBXBuildFile; fileRef = 421B84D61F4DB27C003FE9EE /* YDV2TTool.m */; };
		421B84DA1F4DB28A003FE9EE /* YDT2VTool.m in Sources */ = {isa = PBXBuildFile; fileRef = 421B84D91F4DB28A003FE9EE /* YDT2VTool.m */; };
		421F3D521F4FB3EA00BC1F06 /* YDLanguagesViewController.m in Sources */ = {isa = PBXBuildFile; fileRef = 421F3D511F4FB3EA00BC1F06 /* YDLanguagesViewController.m */; };
		421F3D951F4FB51600BC1F06 /* flag_1.png in Resources */ = {isa = PBXBuildFile; fileRef = 421F3D551F4FB51600BC1F06 /* flag_1.png */; };
		421F3D961F4FB51600BC1F06 /* flag_10.png in Resources */ = {isa = PBXBuildFile; fileRef = 421F3D561F4FB51600BC1F06 /* flag_10.png */; };
		421F3D971F4FB51600BC1F06 /* flag_11.png in Resources */ = {isa = PBXBuildFile; fileRef = 421F3D571F4FB51600BC1F06 /* flag_11.png */; };
		421F3D981F4FB51600BC1F06 /* flag_12.png in Resources */ = {isa = PBXBuildFile; fileRef = 421F3D581F4FB51600BC1F06 /* flag_12.png */; };
		421F3D991F4FB51600BC1F06 /* flag_13.png in Resources */ = {isa = PBXBuildFile; fileRef = 421F3D591F4FB51600BC1F06 /* flag_13.png */; };
		421F3D9A1F4FB51600BC1F06 /* flag_14.png in Resources */ = {isa = PBXBuildFile; fileRef = 421F3D5A1F4FB51600BC1F06 /* flag_14.png */; };
		421F3D9B1F4FB51600BC1F06 /* flag_15.png in Resources */ = {isa = PBXBuildFile; fileRef = 421F3D5B1F4FB51600BC1F06 /* flag_15.png */; };
		421F3D9C1F4FB51600BC1F06 /* flag_16.png in Resources */ = {isa = PBXBuildFile; fileRef = 421F3D5C1F4FB51600BC1F06 /* flag_16.png */; };
		421F3D9D1F4FB51600BC1F06 /* flag_17.png in Resources */ = {isa = PBXBuildFile; fileRef = 421F3D5D1F4FB51600BC1F06 /* flag_17.png */; };
		421F3D9E1F4FB51600BC1F06 /* flag_18.png in Resources */ = {isa = PBXBuildFile; fileRef = 421F3D5E1F4FB51600BC1F06 /* flag_18.png */; };
		421F3D9F1F4FB51600BC1F06 /* flag_19.png in Resources */ = {isa = PBXBuildFile; fileRef = 421F3D5F1F4FB51600BC1F06 /* flag_19.png */; };
		421F3DA01F4FB51600BC1F06 /* flag_2.png in Resources */ = {isa = PBXBuildFile; fileRef = 421F3D601F4FB51600BC1F06 /* flag_2.png */; };
		421F3DA11F4FB51600BC1F06 /* flag_20.png in Resources */ = {isa = PBXBuildFile; fileRef = 421F3D611F4FB51600BC1F06 /* flag_20.png */; };
		421F3DA21F4FB51600BC1F06 /* flag_21.png in Resources */ = {isa = PBXBuildFile; fileRef = 421F3D621F4FB51600BC1F06 /* flag_21.png */; };
		421F3DA31F4FB51600BC1F06 /* flag_22.png in Resources */ = {isa = PBXBuildFile; fileRef = 421F3D631F4FB51600BC1F06 /* flag_22.png */; };
		421F3DA41F4FB51600BC1F06 /* flag_23.png in Resources */ = {isa = PBXBuildFile; fileRef = 421F3D641F4FB51600BC1F06 /* flag_23.png */; };
		421F3DA51F4FB51600BC1F06 /* flag_24.png in Resources */ = {isa = PBXBuildFile; fileRef = 421F3D651F4FB51600BC1F06 /* flag_24.png */; };
		421F3DA61F4FB51600BC1F06 /* flag_25.png in Resources */ = {isa = PBXBuildFile; fileRef = 421F3D661F4FB51600BC1F06 /* flag_25.png */; };
		421F3DA71F4FB51600BC1F06 /* flag_26.png in Resources */ = {isa = PBXBuildFile; fileRef = 421F3D671F4FB51600BC1F06 /* flag_26.png */; };
		421F3DA81F4FB51600BC1F06 /* flag_27.png in Resources */ = {isa = PBXBuildFile; fileRef = 421F3D681F4FB51600BC1F06 /* flag_27.png */; };
		421F3DA91F4FB51600BC1F06 /* flag_28.png in Resources */ = {isa = PBXBuildFile; fileRef = 421F3D691F4FB51600BC1F06 /* flag_28.png */; };
		421F3DAA1F4FB51600BC1F06 /* flag_29.png in Resources */ = {isa = PBXBuildFile; fileRef = 421F3D6A1F4FB51600BC1F06 /* flag_29.png */; };
		421F3DAB1F4FB51600BC1F06 /* flag_3.png in Resources */ = {isa = PBXBuildFile; fileRef = 421F3D6B1F4FB51600BC1F06 /* flag_3.png */; };
		421F3DAC1F4FB51600BC1F06 /* flag_30.png in Resources */ = {isa = PBXBuildFile; fileRef = 421F3D6C1F4FB51600BC1F06 /* flag_30.png */; };
		421F3DAD1F4FB51600BC1F06 /* flag_31.png in Resources */ = {isa = PBXBuildFile; fileRef = 421F3D6D1F4FB51600BC1F06 /* flag_31.png */; };
		421F3DAE1F4FB51600BC1F06 /* flag_32.png in Resources */ = {isa = PBXBuildFile; fileRef = 421F3D6E1F4FB51600BC1F06 /* flag_32.png */; };
		421F3DAF1F4FB51600BC1F06 /* flag_33.png in Resources */ = {isa = PBXBuildFile; fileRef = 421F3D6F1F4FB51600BC1F06 /* flag_33.png */; };
		421F3DB01F4FB51600BC1F06 /* flag_34.png in Resources */ = {isa = PBXBuildFile; fileRef = 421F3D701F4FB51600BC1F06 /* flag_34.png */; };
		421F3DB11F4FB51600BC1F06 /* flag_35.png in Resources */ = {isa = PBXBuildFile; fileRef = 421F3D711F4FB51600BC1F06 /* flag_35.png */; };
		421F3DB21F4FB51600BC1F06 /* flag_36.png in Resources */ = {isa = PBXBuildFile; fileRef = 421F3D721F4FB51600BC1F06 /* flag_36.png */; };
		421F3DB31F4FB51600BC1F06 /* flag_37.png in Resources */ = {isa = PBXBuildFile; fileRef = 421F3D731F4FB51600BC1F06 /* flag_37.png */; };
		421F3DB41F4FB51600BC1F06 /* flag_38.png in Resources */ = {isa = PBXBuildFile; fileRef = 421F3D741F4FB51600BC1F06 /* flag_38.png */; };
		421F3DB51F4FB51600BC1F06 /* flag_39.png in Resources */ = {isa = PBXBuildFile; fileRef = 421F3D751F4FB51600BC1F06 /* flag_39.png */; };
		421F3DB61F4FB51600BC1F06 /* flag_4.png in Resources */ = {isa = PBXBuildFile; fileRef = 421F3D761F4FB51600BC1F06 /* flag_4.png */; };
		421F3DB71F4FB51600BC1F06 /* flag_40.png in Resources */ = {isa = PBXBuildFile; fileRef = 421F3D771F4FB51600BC1F06 /* flag_40.png */; };
		421F3DB81F4FB51600BC1F06 /* flag_41.png in Resources */ = {isa = PBXBuildFile; fileRef = 421F3D781F4FB51600BC1F06 /* flag_41.png */; };
		421F3DB91F4FB51600BC1F06 /* flag_42.png in Resources */ = {isa = PBXBuildFile; fileRef = 421F3D791F4FB51600BC1F06 /* flag_42.png */; };
		421F3DBA1F4FB51600BC1F06 /* flag_43.png in Resources */ = {isa = PBXBuildFile; fileRef = 421F3D7A1F4FB51600BC1F06 /* flag_43.png */; };
		421F3DBB1F4FB51600BC1F06 /* flag_44.png in Resources */ = {isa = PBXBuildFile; fileRef = 421F3D7B1F4FB51600BC1F06 /* flag_44.png */; };
		421F3DBC1F4FB51600BC1F06 /* flag_45.png in Resources */ = {isa = PBXBuildFile; fileRef = 421F3D7C1F4FB51600BC1F06 /* flag_45.png */; };
		421F3DBD1F4FB51600BC1F06 /* flag_46.png in Resources */ = {isa = PBXBuildFile; fileRef = 421F3D7D1F4FB51600BC1F06 /* flag_46.png */; };
		421F3DBE1F4FB51600BC1F06 /* flag_47.png in Resources */ = {isa = PBXBuildFile; fileRef = 421F3D7E1F4FB51600BC1F06 /* flag_47.png */; };
		421F3DBF1F4FB51600BC1F06 /* flag_48.png in Resources */ = {isa = PBXBuildFile; fileRef = 421F3D7F1F4FB51600BC1F06 /* flag_48.png */; };
		421F3DC01F4FB51600BC1F06 /* flag_49.png in Resources */ = {isa = PBXBuildFile; fileRef = 421F3D801F4FB51600BC1F06 /* flag_49.png */; };
		421F3DC11F4FB51600BC1F06 /* flag_5.png in Resources */ = {isa = PBXBuildFile; fileRef = 421F3D811F4FB51600BC1F06 /* flag_5.png */; };
		421F3DC21F4FB51600BC1F06 /* flag_50.png in Resources */ = {isa = PBXBuildFile; fileRef = 421F3D821F4FB51600BC1F06 /* flag_50.png */; };
		421F3DC31F4FB51600BC1F06 /* flag_51.png in Resources */ = {isa = PBXBuildFile; fileRef = 421F3D831F4FB51600BC1F06 /* flag_51.png */; };
		421F3DC41F4FB51600BC1F06 /* flag_52.png in Resources */ = {isa = PBXBuildFile; fileRef = 421F3D841F4FB51600BC1F06 /* flag_52.png */; };
		421F3DC51F4FB51600BC1F06 /* flag_53.png in Resources */ = {isa = PBXBuildFile; fileRef = 421F3D851F4FB51600BC1F06 /* flag_53.png */; };
		421F3DC61F4FB51600BC1F06 /* flag_54.png in Resources */ = {isa = PBXBuildFile; fileRef = 421F3D861F4FB51600BC1F06 /* flag_54.png */; };
		421F3DC71F4FB51600BC1F06 /* flag_55.png in Resources */ = {isa = PBXBuildFile; fileRef = 421F3D871F4FB51600BC1F06 /* flag_55.png */; };
		421F3DC81F4FB51600BC1F06 /* flag_56.png in Resources */ = {isa = PBXBuildFile; fileRef = 421F3D881F4FB51600BC1F06 /* flag_56.png */; };
		421F3DC91F4FB51600BC1F06 /* flag_6.png in Resources */ = {isa = PBXBuildFile; fileRef = 421F3D891F4FB51600BC1F06 /* flag_6.png */; };
		421F3DCA1F4FB51600BC1F06 /* flag_60.png in Resources */ = {isa = PBXBuildFile; fileRef = 421F3D8A1F4FB51600BC1F06 /* flag_60.png */; };
		421F3DCB1F4FB51600BC1F06 /* flag_61.png in Resources */ = {isa = PBXBuildFile; fileRef = 421F3D8B1F4FB51600BC1F06 /* flag_61.png */; };
		421F3DCC1F4FB51600BC1F06 /* flag_62.png in Resources */ = {isa = PBXBuildFile; fileRef = 421F3D8C1F4FB51600BC1F06 /* flag_62.png */; };
		421F3DCD1F4FB51600BC1F06 /* flag_63.png in Resources */ = {isa = PBXBuildFile; fileRef = 421F3D8D1F4FB51600BC1F06 /* flag_63.png */; };
		421F3DCE1F4FB51600BC1F06 /* flag_64.png in Resources */ = {isa = PBXBuildFile; fileRef = 421F3D8E1F4FB51600BC1F06 /* flag_64.png */; };
		421F3DCF1F4FB51600BC1F06 /* flag_65.png in Resources */ = {isa = PBXBuildFile; fileRef = 421F3D8F1F4FB51600BC1F06 /* flag_65.png */; };
		421F3DD01F4FB51600BC1F06 /* flag_66.png in Resources */ = {isa = PBXBuildFile; fileRef = 421F3D901F4FB51600BC1F06 /* flag_66.png */; };
		421F3DD11F4FB51600BC1F06 /* flag_67.png in Resources */ = {isa = PBXBuildFile; fileRef = 421F3D911F4FB51600BC1F06 /* flag_67.png */; };
		421F3DD21F4FB51600BC1F06 /* flag_7.png in Resources */ = {isa = PBXBuildFile; fileRef = 421F3D921F4FB51600BC1F06 /* flag_7.png */; };
		421F3DD31F4FB51600BC1F06 /* flag_8.png in Resources */ = {isa = PBXBuildFile; fileRef = 421F3D931F4FB51600BC1F06 /* flag_8.png */; };
		421F3DD41F4FB51600BC1F06 /* flag_9.png in Resources */ = {isa = PBXBuildFile; fileRef = 421F3D941F4FB51600BC1F06 /* flag_9.png */; };
		421F3DD71F4FB56200BC1F06 /* country.json in Resources */ = {isa = PBXBuildFile; fileRef = 421F3DD51F4FB56200BC1F06 /* country.json */; };
		421F3DD81F4FB56200BC1F06 /* language.json in Resources */ = {isa = PBXBuildFile; fileRef = 421F3DD61F4FB56200BC1F06 /* language.json */; };
		4232B5F21F4ABE2D002532BD /* YDOcrViewController.m in Sources */ = {isa = PBXBuildFile; fileRef = 4232B5F11F4ABE2D002532BD /* YDOcrViewController.m */; };
		4232B5F51F4ABFB6002532BD /* YDOcrTool.m in Sources */ = {isa = PBXBuildFile; fileRef = 4232B5F41F4ABFB6002532BD /* YDOcrTool.m */; };
		4232B5F81F4ABFE9002532BD /* YDYoudaoConfig.m in Sources */ = {isa = PBXBuildFile; fileRef = 4232B5F71F4ABFE9002532BD /* YDYoudaoConfig.m */; };
		425969321F454A7A00C1A817 /* YDCommonModel.m in Sources */ = {isa = PBXBuildFile; fileRef = 425969311F454A7A00C1A817 /* YDCommonModel.m */; };
		425969391F4579FE00C1A817 /* YDRadiusView.m in Sources */ = {isa = PBXBuildFile; fileRef = 425969381F4579FE00C1A817 /* YDRadiusView.m */; };
		425969481F458F6400C1A817 /* YDDBTool+transCache.m in Sources */ = {isa = PBXBuildFile; fileRef = 425969471F458F6400C1A817 /* YDDBTool+transCache.m */; };
		428BD5941EE8E19800463C1E /* main.m in Sources */ = {isa = PBXBuildFile; fileRef = 428BD5931EE8E19800463C1E /* main.m */; };
		428BD5971EE8E19800463C1E /* AppDelegate.m in Sources */ = {isa = PBXBuildFile; fileRef = 428BD5961EE8E19800463C1E /* AppDelegate.m */; };
		428BD59D1EE8E19800463C1E /* Main.storyboard in Resources */ = {isa = PBXBuildFile; fileRef = 428BD59B1EE8E19800463C1E /* Main.storyboard */; };
		428BD59F1EE8E19800463C1E /* Assets.xcassets in Resources */ = {isa = PBXBuildFile; fileRef = 428BD59E1EE8E19800463C1E /* Assets.xcassets */; };
		428BD5A21EE8E19800463C1E /* LaunchScreen.storyboard in Resources */ = {isa = PBXBuildFile; fileRef = 428BD5A01EE8E19800463C1E /* LaunchScreen.storyboard */; };
		428BD5D11EE8E2BF00463C1E /* YXFPayTool.m in Sources */ = {isa = PBXBuildFile; fileRef = 428BD5D01EE8E2BF00463C1E /* YXFPayTool.m */; };
		428BD5D51EE8E53A00463C1E /* NSError+Custom.m in Sources */ = {isa = PBXBuildFile; fileRef = 428BD5D41EE8E53A00463C1E /* NSError+Custom.m */; };
		428BD5D91EE8EB7E00463C1E /* YDDBTool.m in Sources */ = {isa = PBXBuildFile; fileRef = 428BD5D81EE8EB7E00463C1E /* YDDBTool.m */; };
		428BD5DC1EE8EC5700463C1E /* NSString+FilePath.m in Sources */ = {isa = PBXBuildFile; fileRef = 428BD5DB1EE8EC5700463C1E /* NSString+FilePath.m */; };
		428BD5EF1EE9295B00463C1E /* UILabel+Normal.m in Sources */ = {isa = PBXBuildFile; fileRef = 428BD5EE1EE9295B00463C1E /* UILabel+Normal.m */; };
		4298A6131EEA50020097BF1D /* YDNetServerManager.m in Sources */ = {isa = PBXBuildFile; fileRef = 4298A6121EEA50020097BF1D /* YDNetServerManager.m */; };
		4298A6231EEA7BB60097BF1D /* YDBaseModel.m in Sources */ = {isa = PBXBuildFile; fileRef = 4298A6221EEA7BB60097BF1D /* YDBaseModel.m */; };
		4298A63C1EEA961A0097BF1D /* YDRegexTool.m in Sources */ = {isa = PBXBuildFile; fileRef = 4298A63B1EEA961A0097BF1D /* YDRegexTool.m */; };
		42AF1AB21F4D26E100851D9D /* YDV2TViewController.m in Sources */ = {isa = PBXBuildFile; fileRef = 42AF1AB11F4D26E100851D9D /* YDV2TViewController.m */; };
		42AF1AB51F4D33E600851D9D /* YDV2TCell.m in Sources */ = {isa = PBXBuildFile; fileRef = 42AF1AB41F4D33E600851D9D /* YDV2TCell.m */; };
		42AF1AB81F4D542400851D9D /* UIView+FrameExtention.m in Sources */ = {isa = PBXBuildFile; fileRef = 42AF1AB71F4D542400851D9D /* UIView+FrameExtention.m */; };
		42AF1ABB1F4D58DB00851D9D /* YDV2TModel.m in Sources */ = {isa = PBXBuildFile; fileRef = 42AF1ABA1F4D58DB00851D9D /* YDV2TModel.m */; };
		42AF1ABE1F4D6E8E00851D9D /* YDWindowView.m in Sources */ = {isa = PBXBuildFile; fileRef = 42AF1ABD1F4D6E8E00851D9D /* YDWindowView.m */; };
		42CCB4731EF23C2A00995C0B /* DOUAudioAnalyzer+Default.m in Sources */ = {isa = PBXBuildFile; fileRef = 42CCB44C1EF23C2900995C0B /* DOUAudioAnalyzer+Default.m */; };
		42CCB4741EF23C2A00995C0B /* DOUAudioAnalyzer.m in Sources */ = {isa = PBXBuildFile; fileRef = 42CCB44E1EF23C2900995C0B /* DOUAudioAnalyzer.m */; };
		42CCB4751EF23C2A00995C0B /* DOUAudioDecoder.m in Sources */ = {isa = PBXBuildFile; fileRef = 42CCB4521EF23C2900995C0B /* DOUAudioDecoder.m */; };
		42CCB4761EF23C2A00995C0B /* DOUAudioEventLoop.m in Sources */ = {isa = PBXBuildFile; fileRef = 42CCB4541EF23C2900995C0B /* DOUAudioEventLoop.m */; };
		42CCB4771EF23C2A00995C0B /* DOUAudioFilePreprocessor.m in Sources */ = {isa = PBXBuildFile; fileRef = 42CCB4571EF23C2900995C0B /* DOUAudioFilePreprocessor.m */; };
		42CCB4781EF23C2A00995C0B /* DOUAudioFileProvider.m in Sources */ = {isa = PBXBuildFile; fileRef = 42CCB4591EF23C2900995C0B /* DOUAudioFileProvider.m */; };
		42CCB4791EF23C2A00995C0B /* DOUAudioFrequencyAnalyzer.m in Sources */ = {isa = PBXBuildFile; fileRef = 42CCB45B1EF23C2900995C0B /* DOUAudioFrequencyAnalyzer.m */; };
		42CCB47A1EF23C2A00995C0B /* DOUAudioLPCM.m in Sources */ = {isa = PBXBuildFile; fileRef = 42CCB45D1EF23C2900995C0B /* DOUAudioLPCM.m */; };
		42CCB47B1EF23C2A00995C0B /* DOUAudioPlaybackItem.m in Sources */ = {isa = PBXBuildFile; fileRef = 42CCB45F1EF23C2900995C0B /* DOUAudioPlaybackItem.m */; };
		42CCB47C1EF23C2A00995C0B /* DOUAudioRenderer.m in Sources */ = {isa = PBXBuildFile; fileRef = 42CCB4611EF23C2900995C0B /* DOUAudioRenderer.m */; };
		42CCB47D1EF23C2A00995C0B /* DOUAudioSpatialAnalyzer.m in Sources */ = {isa = PBXBuildFile; fileRef = 42CCB4631EF23C2900995C0B /* DOUAudioSpatialAnalyzer.m */; };
		42CCB47E1EF23C2A00995C0B /* DOUAudioStreamer+Options.m in Sources */ = {isa = PBXBuildFile; fileRef = 42CCB4651EF23C2900995C0B /* DOUAudioStreamer+Options.m */; };
		42CCB47F1EF23C2A00995C0B /* DOUAudioStreamer.m in Sources */ = {isa = PBXBuildFile; fileRef = 42CCB4671EF23C2900995C0B /* DOUAudioStreamer.m */; };
		42CCB4801EF23C2A00995C0B /* DOUAudioVisualizer.m in Sources */ = {isa = PBXBuildFile; fileRef = 42CCB46A1EF23C2900995C0B /* DOUAudioVisualizer.m */; };
		42CCB4811EF23C2A00995C0B /* DOUEAGLView.m in Sources */ = {isa = PBXBuildFile; fileRef = 42CCB46C1EF23C2900995C0B /* DOUEAGLView.m */; };
		42CCB4821EF23C2A00995C0B /* DOUMPMediaLibraryAssetLoader.m in Sources */ = {isa = PBXBuildFile; fileRef = 42CCB46E1EF23C2900995C0B /* DOUMPMediaLibraryAssetLoader.m */; };
		42CCB4831EF23C2A00995C0B /* DOUSimpleHTTPRequest.m in Sources */ = {isa = PBXBuildFile; fileRef = 42CCB4701EF23C2900995C0B /* DOUSimpleHTTPRequest.m */; };
		42CCB4841EF23C2A00995C0B /* NSData+DOUMappedFile.m in Sources */ = {isa = PBXBuildFile; fileRef = 42CCB4721EF23C2900995C0B /* NSData+DOUMappedFile.m */; };
		42CCB48A1EF262A700995C0B /* NSString+YDHandle.m in Sources */ = {isa = PBXBuildFile; fileRef = 42CCB4891EF262A700995C0B /* NSString+YDHandle.m */; };
		42D70AD21F46BA1900DF02AB /* YDYoudaoTransTool.m in Sources */ = {isa = PBXBuildFile; fileRef = 42D70AD11F46BA1900DF02AB /* YDYoudaoTransTool.m */; };
		42D70AF51F46D54400DF02AB /* NSString+Hashes.m in Sources */ = {isa = PBXBuildFile; fileRef = 42D70AF41F46D54400DF02AB /* NSString+Hashes.m */; };
		42D70AF81F46E04F00DF02AB /* YDYoudaoModel.m in Sources */ = {isa = PBXBuildFile; fileRef = 42D70AF71F46E04F00DF02AB /* YDYoudaoModel.m */; };
		42D756401F45BECA0025B7D6 /* YDTimeTool.m in Sources */ = {isa = PBXBuildFile; fileRef = 42D7563F1F45BECA0025B7D6 /* YDTimeTool.m */; };
		42E7B2641F4E850E00C1A178 /* YDBDTransTool.m in Sources */ = {isa = PBXBuildFile; fileRef = 42E7B2631F4E850E00C1A178 /* YDBDTransTool.m */; };
		42E7B26A1F4EBE4800C1A178 /* YDV2TBottomView.m in Sources */ = {isa = PBXBuildFile; fileRef = 42E7B2691F4EBE4800C1A178 /* YDV2TBottomView.m */; };
		42E7B26D1F4EBE5A00C1A178 /* YDT2TBottomView.m in Sources */ = {isa = PBXBuildFile; fileRef = 42E7B26C1F4EBE5A00C1A178 /* YDT2TBottomView.m */; };
		42E7B2701F4ED14100C1A178 /* YDLangView.m in Sources */ = {isa = PBXBuildFile; fileRef = 42E7B26F1F4ED14100C1A178 /* YDLangView.m */; };
		42E7B2731F4ED1A800C1A178 /* YDLangBtn.m in Sources */ = {isa = PBXBuildFile; fileRef = 42E7B2721F4ED1A800C1A178 /* YDLangBtn.m */; };
		4C999AD4587F3DB61D4D85F9 /* libPods-YDialogues.a in Frameworks */ = {isa = PBXBuildFile; fileRef = 8D89C3DC092C00F9C2F034C9 /* libPods-YDialogues.a */; };
/* End PBXBuildFile section */

/* Begin PBXFileReference section */
		339735FA8DAFA5E4C483A4C5 /* Pods-YDialogues.debug.xcconfig */ = {isa = PBXFileReference; includeInIndex = 1; lastKnownFileType = text.xcconfig; name = "Pods-YDialogues.debug.xcconfig"; path = "Pods/Target Support Files/Pods-YDialogues/Pods-YDialogues.debug.xcconfig"; sourceTree = "<group>"; };
		421B84D21F4DB26C003FE9EE /* YDV2TManager.h */ = {isa = PBXFileReference; fileEncoding = 4; lastKnownFileType = sourcecode.c.h; path = YDV2TManager.h; sourceTree = "<group>"; };
		421B84D31F4DB26C003FE9EE /* YDV2TManager.m */ = {isa = PBXFileReference; fileEncoding = 4; lastKnownFileType = sourcecode.c.objc; path = YDV2TManager.m; sourceTree = "<group>"; };
		421B84D51F4DB27C003FE9EE /* YDV2TTool.h */ = {isa = PBXFileReference; fileEncoding = 4; lastKnownFileType = sourcecode.c.h; path = YDV2TTool.h; sourceTree = "<group>"; };
		421B84D61F4DB27C003FE9EE /* YDV2TTool.m */ = {isa = PBXFileReference; fileEncoding = 4; lastKnownFileType = sourcecode.c.objc; path = YDV2TTool.m; sourceTree = "<group>"; };
		421B84D81F4DB28A003FE9EE /* YDT2VTool.h */ = {isa = PBXFileReference; fileEncoding = 4; lastKnownFileType = sourcecode.c.h; path = YDT2VTool.h; sourceTree = "<group>"; };
		421B84D91F4DB28A003FE9EE /* YDT2VTool.m */ = {isa = PBXFileReference; fileEncoding = 4; lastKnownFileType = sourcecode.c.objc; path = YDT2VTool.m; sourceTree = "<group>"; };
		421F3D501F4FB3EA00BC1F06 /* YDLanguagesViewController.h */ = {isa = PBXFileReference; fileEncoding = 4; lastKnownFileType = sourcecode.c.h; path = YDLanguagesViewController.h; sourceTree = "<group>"; };
		421F3D511F4FB3EA00BC1F06 /* YDLanguagesViewController.m */ = {isa = PBXFileReference; fileEncoding = 4; lastKnownFileType = sourcecode.c.objc; path = YDLanguagesViewController.m; sourceTree = "<group>"; };
		421F3D551F4FB51600BC1F06 /* flag_1.png */ = {isa = PBXFileReference; lastKnownFileType = image.png; path = flag_1.png; sourceTree = "<group>"; };
		421F3D561F4FB51600BC1F06 /* flag_10.png */ = {isa = PBXFileReference; lastKnownFileType = image.png; path = flag_10.png; sourceTree = "<group>"; };
		421F3D571F4FB51600BC1F06 /* flag_11.png */ = {isa = PBXFileReference; lastKnownFileType = image.png; path = flag_11.png; sourceTree = "<group>"; };
		421F3D581F4FB51600BC1F06 /* flag_12.png */ = {isa = PBXFileReference; lastKnownFileType = image.png; path = flag_12.png; sourceTree = "<group>"; };
		421F3D591F4FB51600BC1F06 /* flag_13.png */ = {isa = PBXFileReference; lastKnownFileType = image.png; path = flag_13.png; sourceTree = "<group>"; };
		421F3D5A1F4FB51600BC1F06 /* flag_14.png */ = {isa = PBXFileReference; lastKnownFileType = image.png; path = flag_14.png; sourceTree = "<group>"; };
		421F3D5B1F4FB51600BC1F06 /* flag_15.png */ = {isa = PBXFileReference; lastKnownFileType = image.png; path = flag_15.png; sourceTree = "<group>"; };
		421F3D5C1F4FB51600BC1F06 /* flag_16.png */ = {isa = PBXFileReference; lastKnownFileType = image.png; path = flag_16.png; sourceTree = "<group>"; };
		421F3D5D1F4FB51600BC1F06 /* flag_17.png */ = {isa = PBXFileReference; lastKnownFileType = image.png; path = flag_17.png; sourceTree = "<group>"; };
		421F3D5E1F4FB51600BC1F06 /* flag_18.png */ = {isa = PBXFileReference; lastKnownFileType = image.png; path = flag_18.png; sourceTree = "<group>"; };
		421F3D5F1F4FB51600BC1F06 /* flag_19.png */ = {isa = PBXFileReference; lastKnownFileType = image.png; path = flag_19.png; sourceTree = "<group>"; };
		421F3D601F4FB51600BC1F06 /* flag_2.png */ = {isa = PBXFileReference; lastKnownFileType = image.png; path = flag_2.png; sourceTree = "<group>"; };
		421F3D611F4FB51600BC1F06 /* flag_20.png */ = {isa = PBXFileReference; lastKnownFileType = image.png; path = flag_20.png; sourceTree = "<group>"; };
		421F3D621F4FB51600BC1F06 /* flag_21.png */ = {isa = PBXFileReference; lastKnownFileType = image.png; path = flag_21.png; sourceTree = "<group>"; };
		421F3D631F4FB51600BC1F06 /* flag_22.png */ = {isa = PBXFileReference; lastKnownFileType = image.png; path = flag_22.png; sourceTree = "<group>"; };
		421F3D641F4FB51600BC1F06 /* flag_23.png */ = {isa = PBXFileReference; lastKnownFileType = image.png; path = flag_23.png; sourceTree = "<group>"; };
		421F3D651F4FB51600BC1F06 /* flag_24.png */ = {isa = PBXFileReference; lastKnownFileType = image.png; path = flag_24.png; sourceTree = "<group>"; };
		421F3D661F4FB51600BC1F06 /* flag_25.png */ = {isa = PBXFileReference; lastKnownFileType = image.png; path = flag_25.png; sourceTree = "<group>"; };
		421F3D671F4FB51600BC1F06 /* flag_26.png */ = {isa = PBXFileReference; lastKnownFileType = image.png; path = flag_26.png; sourceTree = "<group>"; };
		421F3D681F4FB51600BC1F06 /* flag_27.png */ = {isa = PBXFileReference; lastKnownFileType = image.png; path = flag_27.png; sourceTree = "<group>"; };
		421F3D691F4FB51600BC1F06 /* flag_28.png */ = {isa = PBXFileReference; lastKnownFileType = image.png; path = flag_28.png; sourceTree = "<group>"; };
		421F3D6A1F4FB51600BC1F06 /* flag_29.png */ = {isa = PBXFileReference; lastKnownFileType = image.png; path = flag_29.png; sourceTree = "<group>"; };
		421F3D6B1F4FB51600BC1F06 /* flag_3.png */ = {isa = PBXFileReference; lastKnownFileType = image.png; path = flag_3.png; sourceTree = "<group>"; };
		421F3D6C1F4FB51600BC1F06 /* flag_30.png */ = {isa = PBXFileReference; lastKnownFileType = image.png; path = flag_30.png; sourceTree = "<group>"; };
		421F3D6D1F4FB51600BC1F06 /* flag_31.png */ = {isa = PBXFileReference; lastKnownFileType = image.png; path = flag_31.png; sourceTree = "<group>"; };
		421F3D6E1F4FB51600BC1F06 /* flag_32.png */ = {isa = PBXFileReference; lastKnownFileType = image.png; path = flag_32.png; sourceTree = "<group>"; };
		421F3D6F1F4FB51600BC1F06 /* flag_33.png */ = {isa = PBXFileReference; lastKnownFileType = image.png; path = flag_33.png; sourceTree = "<group>"; };
		421F3D701F4FB51600BC1F06 /* flag_34.png */ = {isa = PBXFileReference; lastKnownFileType = image.png; path = flag_34.png; sourceTree = "<group>"; };
		421F3D711F4FB51600BC1F06 /* flag_35.png */ = {isa = PBXFileReference; lastKnownFileType = image.png; path = flag_35.png; sourceTree = "<group>"; };
		421F3D721F4FB51600BC1F06 /* flag_36.png */ = {isa = PBXFileReference; lastKnownFileType = image.png; path = flag_36.png; sourceTree = "<group>"; };
		421F3D731F4FB51600BC1F06 /* flag_37.png */ = {isa = PBXFileReference; lastKnownFileType = image.png; path = flag_37.png; sourceTree = "<group>"; };
		421F3D741F4FB51600BC1F06 /* flag_38.png */ = {isa = PBXFileReference; lastKnownFileType = image.png; path = flag_38.png; sourceTree = "<group>"; };
		421F3D751F4FB51600BC1F06 /* flag_39.png */ = {isa = PBXFileReference; lastKnownFileType = image.png; path = flag_39.png; sourceTree = "<group>"; };
		421F3D761F4FB51600BC1F06 /* flag_4.png */ = {isa = PBXFileReference; lastKnownFileType = image.png; path = flag_4.png; sourceTree = "<group>"; };
		421F3D771F4FB51600BC1F06 /* flag_40.png */ = {isa = PBXFileReference; lastKnownFileType = image.png; path = flag_40.png; sourceTree = "<group>"; };
		421F3D781F4FB51600BC1F06 /* flag_41.png */ = {isa = PBXFileReference; lastKnownFileType = image.png; path = flag_41.png; sourceTree = "<group>"; };
		421F3D791F4FB51600BC1F06 /* flag_42.png */ = {isa = PBXFileReference; lastKnownFileType = image.png; path = flag_42.png; sourceTree = "<group>"; };
		421F3D7A1F4FB51600BC1F06 /* flag_43.png */ = {isa = PBXFileReference; lastKnownFileType = image.png; path = flag_43.png; sourceTree = "<group>"; };
		421F3D7B1F4FB51600BC1F06 /* flag_44.png */ = {isa = PBXFileReference; lastKnownFileType = image.png; path = flag_44.png; sourceTree = "<group>"; };
		421F3D7C1F4FB51600BC1F06 /* flag_45.png */ = {isa = PBXFileReference; lastKnownFileType = image.png; path = flag_45.png; sourceTree = "<group>"; };
		421F3D7D1F4FB51600BC1F06 /* flag_46.png */ = {isa = PBXFileReference; lastKnownFileType = image.png; path = flag_46.png; sourceTree = "<group>"; };
		421F3D7E1F4FB51600BC1F06 /* flag_47.png */ = {isa = PBXFileReference; lastKnownFileType = image.png; path = flag_47.png; sourceTree = "<group>"; };
		421F3D7F1F4FB51600BC1F06 /* flag_48.png */ = {isa = PBXFileReference; lastKnownFileType = image.png; path = flag_48.png; sourceTree = "<group>"; };
		421F3D801F4FB51600BC1F06 /* flag_49.png */ = {isa = PBXFileReference; lastKnownFileType = image.png; path = flag_49.png; sourceTree = "<group>"; };
		421F3D811F4FB51600BC1F06 /* flag_5.png */ = {isa = PBXFileReference; lastKnownFileType = image.png; path = flag_5.png; sourceTree = "<group>"; };
		421F3D821F4FB51600BC1F06 /* flag_50.png */ = {isa = PBXFileReference; lastKnownFileType = image.png; path = flag_50.png; sourceTree = "<group>"; };
		421F3D831F4FB51600BC1F06 /* flag_51.png */ = {isa = PBXFileReference; lastKnownFileType = image.png; path = flag_51.png; sourceTree = "<group>"; };
		421F3D841F4FB51600BC1F06 /* flag_52.png */ = {isa = PBXFileReference; lastKnownFileType = image.png; path = flag_52.png; sourceTree = "<group>"; };
		421F3D851F4FB51600BC1F06 /* flag_53.png */ = {isa = PBXFileReference; lastKnownFileType = image.png; path = flag_53.png; sourceTree = "<group>"; };
		421F3D861F4FB51600BC1F06 /* flag_54.png */ = {isa = PBXFileReference; lastKnownFileType = image.png; path = flag_54.png; sourceTree = "<group>"; };
		421F3D871F4FB51600BC1F06 /* flag_55.png */ = {isa = PBXFileReference; lastKnownFileType = image.png; path = flag_55.png; sourceTree = "<group>"; };
		421F3D881F4FB51600BC1F06 /* flag_56.png */ = {isa = PBXFileReference; lastKnownFileType = image.png; path = flag_56.png; sourceTree = "<group>"; };
		421F3D891F4FB51600BC1F06 /* flag_6.png */ = {isa = PBXFileReference; lastKnownFileType = image.png; path = flag_6.png; sourceTree = "<group>"; };
		421F3D8A1F4FB51600BC1F06 /* flag_60.png */ = {isa = PBXFileReference; lastKnownFileType = image.png; path = flag_60.png; sourceTree = "<group>"; };
		421F3D8B1F4FB51600BC1F06 /* flag_61.png */ = {isa = PBXFileReference; lastKnownFileType = image.png; path = flag_61.png; sourceTree = "<group>"; };
		421F3D8C1F4FB51600BC1F06 /* flag_62.png */ = {isa = PBXFileReference; lastKnownFileType = image.png; path = flag_62.png; sourceTree = "<group>"; };
		421F3D8D1F4FB51600BC1F06 /* flag_63.png */ = {isa = PBXFileReference; lastKnownFileType = image.png; path = flag_63.png; sourceTree = "<group>"; };
		421F3D8E1F4FB51600BC1F06 /* flag_64.png */ = {isa = PBXFileReference; lastKnownFileType = image.png; path = flag_64.png; sourceTree = "<group>"; };
		421F3D8F1F4FB51600BC1F06 /* flag_65.png */ = {isa = PBXFileReference; lastKnownFileType = image.png; path = flag_65.png; sourceTree = "<group>"; };
		421F3D901F4FB51600BC1F06 /* flag_66.png */ = {isa = PBXFileReference; lastKnownFileType = image.png; path = flag_66.png; sourceTree = "<group>"; };
		421F3D911F4FB51600BC1F06 /* flag_67.png */ = {isa = PBXFileReference; lastKnownFileType = image.png; path = flag_67.png; sourceTree = "<group>"; };
		421F3D921F4FB51600BC1F06 /* flag_7.png */ = {isa = PBXFileReference; lastKnownFileType = image.png; path = flag_7.png; sourceTree = "<group>"; };
		421F3D931F4FB51600BC1F06 /* flag_8.png */ = {isa = PBXFileReference; lastKnownFileType = image.png; path = flag_8.png; sourceTree = "<group>"; };
		421F3D941F4FB51600BC1F06 /* flag_9.png */ = {isa = PBXFileReference; lastKnownFileType = image.png; path = flag_9.png; sourceTree = "<group>"; };
		421F3DD51F4FB56200BC1F06 /* country.json */ = {isa = PBXFileReference; fileEncoding = 4; lastKnownFileType = text.json; path = country.json; sourceTree = "<group>"; };
		421F3DD61F4FB56200BC1F06 /* language.json */ = {isa = PBXFileReference; fileEncoding = 4; lastKnownFileType = text.json; path = language.json; sourceTree = "<group>"; };
		4232B5F01F4ABE2D002532BD /* YDOcrViewController.h */ = {isa = PBXFileReference; fileEncoding = 4; lastKnownFileType = sourcecode.c.h; path = YDOcrViewController.h; sourceTree = "<group>"; };
		4232B5F11F4ABE2D002532BD /* YDOcrViewController.m */ = {isa = PBXFileReference; fileEncoding = 4; lastKnownFileType = sourcecode.c.objc; path = YDOcrViewController.m; sourceTree = "<group>"; };
		4232B5F31F4ABFB6002532BD /* YDOcrTool.h */ = {isa = PBXFileReference; fileEncoding = 4; lastKnownFileType = sourcecode.c.h; path = YDOcrTool.h; sourceTree = "<group>"; };
		4232B5F41F4ABFB6002532BD /* YDOcrTool.m */ = {isa = PBXFileReference; fileEncoding = 4; lastKnownFileType = sourcecode.c.objc; path = YDOcrTool.m; sourceTree = "<group>"; };
		4232B5F61F4ABFE9002532BD /* YDYoudaoConfig.h */ = {isa = PBXFileReference; fileEncoding = 4; lastKnownFileType = sourcecode.c.h; path = YDYoudaoConfig.h; sourceTree = "<group>"; };
		4232B5F71F4ABFE9002532BD /* YDYoudaoConfig.m */ = {isa = PBXFileReference; fileEncoding = 4; lastKnownFileType = sourcecode.c.objc; path = YDYoudaoConfig.m; sourceTree = "<group>"; };
		425969301F454A7A00C1A817 /* YDCommonModel.h */ = {isa = PBXFileReference; fileEncoding = 4; lastKnownFileType = sourcecode.c.h; path = YDCommonModel.h; sourceTree = "<group>"; };
		425969311F454A7A00C1A817 /* YDCommonModel.m */ = {isa = PBXFileReference; fileEncoding = 4; lastKnownFileType = sourcecode.c.objc; path = YDCommonModel.m; sourceTree = "<group>"; };
		425969371F4579FE00C1A817 /* YDRadiusView.h */ = {isa = PBXFileReference; fileEncoding = 4; lastKnownFileType = sourcecode.c.h; path = YDRadiusView.h; sourceTree = "<group>"; };
		425969381F4579FE00C1A817 /* YDRadiusView.m */ = {isa = PBXFileReference; fileEncoding = 4; lastKnownFileType = sourcecode.c.objc; path = YDRadiusView.m; sourceTree = "<group>"; };
		425969461F458F6400C1A817 /* YDDBTool+transCache.h */ = {isa = PBXFileReference; fileEncoding = 4; lastKnownFileType = sourcecode.c.h; path = "YDDBTool+transCache.h"; sourceTree = "<group>"; };
		425969471F458F6400C1A817 /* YDDBTool+transCache.m */ = {isa = PBXFileReference; fileEncoding = 4; lastKnownFileType = sourcecode.c.objc; path = "YDDBTool+transCache.m"; sourceTree = "<group>"; };
		428BD58F1EE8E19800463C1E /* YDialogues.app */ = {isa = PBXFileReference; explicitFileType = wrapper.application; includeInIndex = 0; path = YDialogues.app; sourceTree = BUILT_PRODUCTS_DIR; };
		428BD5931EE8E19800463C1E /* main.m */ = {isa = PBXFileReference; lastKnownFileType = sourcecode.c.objc; path = main.m; sourceTree = "<group>"; };
		428BD5951EE8E19800463C1E /* AppDelegate.h */ = {isa = PBXFileReference; lastKnownFileType = sourcecode.c.h; path = AppDelegate.h; sourceTree = "<group>"; };
		428BD5961EE8E19800463C1E /* AppDelegate.m */ = {isa = PBXFileReference; lastKnownFileType = sourcecode.c.objc; path = AppDelegate.m; sourceTree = "<group>"; };
		428BD59C1EE8E19800463C1E /* Base */ = {isa = PBXFileReference; lastKnownFileType = file.storyboard; name = Base; path = Base.lproj/Main.storyboard; sourceTree = "<group>"; };
		428BD59E1EE8E19800463C1E /* Assets.xcassets */ = {isa = PBXFileReference; lastKnownFileType = folder.assetcatalog; path = Assets.xcassets; sourceTree = "<group>"; };
		428BD5A11EE8E19800463C1E /* Base */ = {isa = PBXFileReference; lastKnownFileType = file.storyboard; name = Base; path = Base.lproj/LaunchScreen.storyboard; sourceTree = "<group>"; };
		428BD5A31EE8E19900463C1E /* Info.plist */ = {isa = PBXFileReference; lastKnownFileType = text.plist.xml; path = Info.plist; sourceTree = "<group>"; };
		428BD5AC1EE8E19B00463C1E /* YDialoguesTests.m */ = {isa = PBXFileReference; lastKnownFileType = sourcecode.c.objc; path = YDialoguesTests.m; sourceTree = "<group>"; };
		428BD5AE1EE8E19B00463C1E /* Info.plist */ = {isa = PBXFileReference; lastKnownFileType = text.plist.xml; path = Info.plist; sourceTree = "<group>"; };
		428BD5B71EE8E19B00463C1E /* YDialoguesUITests.m */ = {isa = PBXFileReference; lastKnownFileType = sourcecode.c.objc; path = YDialoguesUITests.m; sourceTree = "<group>"; };
		428BD5B91EE8E19B00463C1E /* Info.plist */ = {isa = PBXFileReference; lastKnownFileType = text.plist.xml; path = Info.plist; sourceTree = "<group>"; };
		428BD5CF1EE8E2BF00463C1E /* YXFPayTool.h */ = {isa = PBXFileReference; fileEncoding = 4; lastKnownFileType = sourcecode.c.h; path = YXFPayTool.h; sourceTree = "<group>"; };
		428BD5D01EE8E2BF00463C1E /* YXFPayTool.m */ = {isa = PBXFileReference; fileEncoding = 4; lastKnownFileType = sourcecode.c.objc; path = YXFPayTool.m; sourceTree = "<group>"; };
		428BD5D31EE8E53A00463C1E /* NSError+Custom.h */ = {isa = PBXFileReference; fileEncoding = 4; lastKnownFileType = sourcecode.c.h; path = "NSError+Custom.h"; sourceTree = "<group>"; };
		428BD5D41EE8E53A00463C1E /* NSError+Custom.m */ = {isa = PBXFileReference; fileEncoding = 4; lastKnownFileType = sourcecode.c.objc; path = "NSError+Custom.m"; sourceTree = "<group>"; };
		428BD5D61EE8E78A00463C1E /* YDialogue.pch */ = {isa = PBXFileReference; lastKnownFileType = sourcecode.c.h; path = YDialogue.pch; sourceTree = "<group>"; };
		428BD5D71EE8EB7E00463C1E /* YDDBTool.h */ = {isa = PBXFileReference; fileEncoding = 4; lastKnownFileType = sourcecode.c.h; path = YDDBTool.h; sourceTree = "<group>"; };
		428BD5D81EE8EB7E00463C1E /* YDDBTool.m */ = {isa = PBXFileReference; fileEncoding = 4; lastKnownFileType = sourcecode.c.objc; path = YDDBTool.m; sourceTree = "<group>"; };
		428BD5DA1EE8EC5700463C1E /* NSString+FilePath.h */ = {isa = PBXFileReference; fileEncoding = 4; lastKnownFileType = sourcecode.c.h; path = "NSString+FilePath.h"; sourceTree = "<group>"; };
		428BD5DB1EE8EC5700463C1E /* NSString+FilePath.m */ = {isa = PBXFileReference; fileEncoding = 4; lastKnownFileType = sourcecode.c.objc; path = "NSString+FilePath.m"; sourceTree = "<group>"; };
		428BD5ED1EE9295B00463C1E /* UILabel+Normal.h */ = {isa = PBXFileReference; fileEncoding = 4; lastKnownFileType = sourcecode.c.h; path = "UILabel+Normal.h"; sourceTree = "<group>"; };
		428BD5EE1EE9295B00463C1E /* UILabel+Normal.m */ = {isa = PBXFileReference; fileEncoding = 4; lastKnownFileType = sourcecode.c.objc; path = "UILabel+Normal.m"; sourceTree = "<group>"; };
		4298A6111EEA50020097BF1D /* YDNetServerManager.h */ = {isa = PBXFileReference; fileEncoding = 4; lastKnownFileType = sourcecode.c.h; path = YDNetServerManager.h; sourceTree = "<group>"; };
		4298A6121EEA50020097BF1D /* YDNetServerManager.m */ = {isa = PBXFileReference; fileEncoding = 4; lastKnownFileType = sourcecode.c.objc; path = YDNetServerManager.m; sourceTree = "<group>"; };
		4298A6211EEA7BB60097BF1D /* YDBaseModel.h */ = {isa = PBXFileReference; fileEncoding = 4; lastKnownFileType = sourcecode.c.h; path = YDBaseModel.h; sourceTree = "<group>"; };
		4298A6221EEA7BB60097BF1D /* YDBaseModel.m */ = {isa = PBXFileReference; fileEncoding = 4; lastKnownFileType = sourcecode.c.objc; path = YDBaseModel.m; sourceTree = "<group>"; };
		4298A63A1EEA961A0097BF1D /* YDRegexTool.h */ = {isa = PBXFileReference; fileEncoding = 4; lastKnownFileType = sourcecode.c.h; path = YDRegexTool.h; sourceTree = "<group>"; };
		4298A63B1EEA961A0097BF1D /* YDRegexTool.m */ = {isa = PBXFileReference; fileEncoding = 4; lastKnownFileType = sourcecode.c.objc; path = YDRegexTool.m; sourceTree = "<group>"; };
		42AF1AB01F4D26E100851D9D /* YDV2TViewController.h */ = {isa = PBXFileReference; fileEncoding = 4; lastKnownFileType = sourcecode.c.h; path = YDV2TViewController.h; sourceTree = "<group>"; };
		42AF1AB11F4D26E100851D9D /* YDV2TViewController.m */ = {isa = PBXFileReference; fileEncoding = 4; lastKnownFileType = sourcecode.c.objc; path = YDV2TViewController.m; sourceTree = "<group>"; };
		42AF1AB31F4D33E600851D9D /* YDV2TCell.h */ = {isa = PBXFileReference; fileEncoding = 4; lastKnownFileType = sourcecode.c.h; path = YDV2TCell.h; sourceTree = "<group>"; };
		42AF1AB41F4D33E600851D9D /* YDV2TCell.m */ = {isa = PBXFileReference; fileEncoding = 4; lastKnownFileType = sourcecode.c.objc; path = YDV2TCell.m; sourceTree = "<group>"; };
		42AF1AB61F4D542400851D9D /* UIView+FrameExtention.h */ = {isa = PBXFileReference; fileEncoding = 4; lastKnownFileType = sourcecode.c.h; path = "UIView+FrameExtention.h"; sourceTree = "<group>"; };
		42AF1AB71F4D542400851D9D /* UIView+FrameExtention.m */ = {isa = PBXFileReference; fileEncoding = 4; lastKnownFileType = sourcecode.c.objc; path = "UIView+FrameExtention.m"; sourceTree = "<group>"; };
		42AF1AB91F4D58DB00851D9D /* YDV2TModel.h */ = {isa = PBXFileReference; fileEncoding = 4; lastKnownFileType = sourcecode.c.h; path = YDV2TModel.h; sourceTree = "<group>"; };
		42AF1ABA1F4D58DB00851D9D /* YDV2TModel.m */ = {isa = PBXFileReference; fileEncoding = 4; lastKnownFileType = sourcecode.c.objc; path = YDV2TModel.m; sourceTree = "<group>"; };
		42AF1ABC1F4D6E8E00851D9D /* YDWindowView.h */ = {isa = PBXFileReference; fileEncoding = 4; lastKnownFileType = sourcecode.c.h; path = YDWindowView.h; sourceTree = "<group>"; };
		42AF1ABD1F4D6E8E00851D9D /* YDWindowView.m */ = {isa = PBXFileReference; fileEncoding = 4; lastKnownFileType = sourcecode.c.objc; path = YDWindowView.m; sourceTree = "<group>"; };
		42CCB44B1EF23C2900995C0B /* DOUAudioAnalyzer+Default.h */ = {isa = PBXFileReference; fileEncoding = 4; lastKnownFileType = sourcecode.c.h; path = "DOUAudioAnalyzer+Default.h"; sourceTree = "<group>"; };
		42CCB44C1EF23C2900995C0B /* DOUAudioAnalyzer+Default.m */ = {isa = PBXFileReference; fileEncoding = 4; lastKnownFileType = sourcecode.c.objc; path = "DOUAudioAnalyzer+Default.m"; sourceTree = "<group>"; };
		42CCB44D1EF23C2900995C0B /* DOUAudioAnalyzer.h */ = {isa = PBXFileReference; fileEncoding = 4; lastKnownFileType = sourcecode.c.h; path = DOUAudioAnalyzer.h; sourceTree = "<group>"; };
		42CCB44E1EF23C2900995C0B /* DOUAudioAnalyzer.m */ = {isa = PBXFileReference; fileEncoding = 4; lastKnownFileType = sourcecode.c.objc; path = DOUAudioAnalyzer.m; sourceTree = "<group>"; };
		42CCB44F1EF23C2900995C0B /* DOUAudioAnalyzer_Private.h */ = {isa = PBXFileReference; fileEncoding = 4; lastKnownFileType = sourcecode.c.h; path = DOUAudioAnalyzer_Private.h; sourceTree = "<group>"; };
		42CCB4501EF23C2900995C0B /* DOUAudioBase.h */ = {isa = PBXFileReference; fileEncoding = 4; lastKnownFileType = sourcecode.c.h; path = DOUAudioBase.h; sourceTree = "<group>"; };
		42CCB4511EF23C2900995C0B /* DOUAudioDecoder.h */ = {isa = PBXFileReference; fileEncoding = 4; lastKnownFileType = sourcecode.c.h; path = DOUAudioDecoder.h; sourceTree = "<group>"; };
		42CCB4521EF23C2900995C0B /* DOUAudioDecoder.m */ = {isa = PBXFileReference; fileEncoding = 4; lastKnownFileType = sourcecode.c.objc; path = DOUAudioDecoder.m; sourceTree = "<group>"; };
		42CCB4531EF23C2900995C0B /* DOUAudioEventLoop.h */ = {isa = PBXFileReference; fileEncoding = 4; lastKnownFileType = sourcecode.c.h; path = DOUAudioEventLoop.h; sourceTree = "<group>"; };
		42CCB4541EF23C2900995C0B /* DOUAudioEventLoop.m */ = {isa = PBXFileReference; fileEncoding = 4; lastKnownFileType = sourcecode.c.objc; path = DOUAudioEventLoop.m; sourceTree = "<group>"; };
		42CCB4551EF23C2900995C0B /* DOUAudioFile.h */ = {isa = PBXFileReference; fileEncoding = 4; lastKnownFileType = sourcecode.c.h; path = DOUAudioFile.h; sourceTree = "<group>"; };
		42CCB4561EF23C2900995C0B /* DOUAudioFilePreprocessor.h */ = {isa = PBXFileReference; fileEncoding = 4; lastKnownFileType = sourcecode.c.h; path = DOUAudioFilePreprocessor.h; sourceTree = "<group>"; };
		42CCB4571EF23C2900995C0B /* DOUAudioFilePreprocessor.m */ = {isa = PBXFileReference; fileEncoding = 4; lastKnownFileType = sourcecode.c.objc; path = DOUAudioFilePreprocessor.m; sourceTree = "<group>"; };
		42CCB4581EF23C2900995C0B /* DOUAudioFileProvider.h */ = {isa = PBXFileReference; fileEncoding = 4; lastKnownFileType = sourcecode.c.h; path = DOUAudioFileProvider.h; sourceTree = "<group>"; };
		42CCB4591EF23C2900995C0B /* DOUAudioFileProvider.m */ = {isa = PBXFileReference; fileEncoding = 4; lastKnownFileType = sourcecode.c.objc; path = DOUAudioFileProvider.m; sourceTree = "<group>"; };
		42CCB45A1EF23C2900995C0B /* DOUAudioFrequencyAnalyzer.h */ = {isa = PBXFileReference; fileEncoding = 4; lastKnownFileType = sourcecode.c.h; path = DOUAudioFrequencyAnalyzer.h; sourceTree = "<group>"; };
		42CCB45B1EF23C2900995C0B /* DOUAudioFrequencyAnalyzer.m */ = {isa = PBXFileReference; fileEncoding = 4; lastKnownFileType = sourcecode.c.objc; path = DOUAudioFrequencyAnalyzer.m; sourceTree = "<group>"; };
		42CCB45C1EF23C2900995C0B /* DOUAudioLPCM.h */ = {isa = PBXFileReference; fileEncoding = 4; lastKnownFileType = sourcecode.c.h; path = DOUAudioLPCM.h; sourceTree = "<group>"; };
		42CCB45D1EF23C2900995C0B /* DOUAudioLPCM.m */ = {isa = PBXFileReference; fileEncoding = 4; lastKnownFileType = sourcecode.c.objc; path = DOUAudioLPCM.m; sourceTree = "<group>"; };
		42CCB45E1EF23C2900995C0B /* DOUAudioPlaybackItem.h */ = {isa = PBXFileReference; fileEncoding = 4; lastKnownFileType = sourcecode.c.h; path = DOUAudioPlaybackItem.h; sourceTree = "<group>"; };
		42CCB45F1EF23C2900995C0B /* DOUAudioPlaybackItem.m */ = {isa = PBXFileReference; fileEncoding = 4; lastKnownFileType = sourcecode.c.objc; path = DOUAudioPlaybackItem.m; sourceTree = "<group>"; };
		42CCB4601EF23C2900995C0B /* DOUAudioRenderer.h */ = {isa = PBXFileReference; fileEncoding = 4; lastKnownFileType = sourcecode.c.h; path = DOUAudioRenderer.h; sourceTree = "<group>"; };
		42CCB4611EF23C2900995C0B /* DOUAudioRenderer.m */ = {isa = PBXFileReference; fileEncoding = 4; lastKnownFileType = sourcecode.c.objc; path = DOUAudioRenderer.m; sourceTree = "<group>"; };
		42CCB4621EF23C2900995C0B /* DOUAudioSpatialAnalyzer.h */ = {isa = PBXFileReference; fileEncoding = 4; lastKnownFileType = sourcecode.c.h; path = DOUAudioSpatialAnalyzer.h; sourceTree = "<group>"; };
		42CCB4631EF23C2900995C0B /* DOUAudioSpatialAnalyzer.m */ = {isa = PBXFileReference; fileEncoding = 4; lastKnownFileType = sourcecode.c.objc; path = DOUAudioSpatialAnalyzer.m; sourceTree = "<group>"; };
		42CCB4641EF23C2900995C0B /* DOUAudioStreamer+Options.h */ = {isa = PBXFileReference; fileEncoding = 4; lastKnownFileType = sourcecode.c.h; path = "DOUAudioStreamer+Options.h"; sourceTree = "<group>"; };
		42CCB4651EF23C2900995C0B /* DOUAudioStreamer+Options.m */ = {isa = PBXFileReference; fileEncoding = 4; lastKnownFileType = sourcecode.c.objc; path = "DOUAudioStreamer+Options.m"; sourceTree = "<group>"; };
		42CCB4661EF23C2900995C0B /* DOUAudioStreamer.h */ = {isa = PBXFileReference; fileEncoding = 4; lastKnownFileType = sourcecode.c.h; path = DOUAudioStreamer.h; sourceTree = "<group>"; };
		42CCB4671EF23C2900995C0B /* DOUAudioStreamer.m */ = {isa = PBXFileReference; fileEncoding = 4; lastKnownFileType = sourcecode.c.objc; path = DOUAudioStreamer.m; sourceTree = "<group>"; };
		42CCB4681EF23C2900995C0B /* DOUAudioStreamer_Private.h */ = {isa = PBXFileReference; fileEncoding = 4; lastKnownFileType = sourcecode.c.h; path = DOUAudioStreamer_Private.h; sourceTree = "<group>"; };
		42CCB4691EF23C2900995C0B /* DOUAudioVisualizer.h */ = {isa = PBXFileReference; fileEncoding = 4; lastKnownFileType = sourcecode.c.h; path = DOUAudioVisualizer.h; sourceTree = "<group>"; };
		42CCB46A1EF23C2900995C0B /* DOUAudioVisualizer.m */ = {isa = PBXFileReference; fileEncoding = 4; lastKnownFileType = sourcecode.c.objc; path = DOUAudioVisualizer.m; sourceTree = "<group>"; };
		42CCB46B1EF23C2900995C0B /* DOUEAGLView.h */ = {isa = PBXFileReference; fileEncoding = 4; lastKnownFileType = sourcecode.c.h; path = DOUEAGLView.h; sourceTree = "<group>"; };
		42CCB46C1EF23C2900995C0B /* DOUEAGLView.m */ = {isa = PBXFileReference; fileEncoding = 4; lastKnownFileType = sourcecode.c.objc; path = DOUEAGLView.m; sourceTree = "<group>"; };
		42CCB46D1EF23C2900995C0B /* DOUMPMediaLibraryAssetLoader.h */ = {isa = PBXFileReference; fileEncoding = 4; lastKnownFileType = sourcecode.c.h; path = DOUMPMediaLibraryAssetLoader.h; sourceTree = "<group>"; };
		42CCB46E1EF23C2900995C0B /* DOUMPMediaLibraryAssetLoader.m */ = {isa = PBXFileReference; fileEncoding = 4; lastKnownFileType = sourcecode.c.objc; path = DOUMPMediaLibraryAssetLoader.m; sourceTree = "<group>"; };
		42CCB46F1EF23C2900995C0B /* DOUSimpleHTTPRequest.h */ = {isa = PBXFileReference; fileEncoding = 4; lastKnownFileType = sourcecode.c.h; path = DOUSimpleHTTPRequest.h; sourceTree = "<group>"; };
		42CCB4701EF23C2900995C0B /* DOUSimpleHTTPRequest.m */ = {isa = PBXFileReference; fileEncoding = 4; lastKnownFileType = sourcecode.c.objc; path = DOUSimpleHTTPRequest.m; sourceTree = "<group>"; };
		42CCB4711EF23C2900995C0B /* NSData+DOUMappedFile.h */ = {isa = PBXFileReference; fileEncoding = 4; lastKnownFileType = sourcecode.c.h; path = "NSData+DOUMappedFile.h"; sourceTree = "<group>"; };
		42CCB4721EF23C2900995C0B /* NSData+DOUMappedFile.m */ = {isa = PBXFileReference; fileEncoding = 4; lastKnownFileType = sourcecode.c.objc; path = "NSData+DOUMappedFile.m"; sourceTree = "<group>"; };
		42CCB4881EF262A700995C0B /* NSString+YDHandle.h */ = {isa = PBXFileReference; fileEncoding = 4; lastKnownFileType = sourcecode.c.h; path = "NSString+YDHandle.h"; sourceTree = "<group>"; };
		42CCB4891EF262A700995C0B /* NSString+YDHandle.m */ = {isa = PBXFileReference; fileEncoding = 4; lastKnownFileType = sourcecode.c.objc; path = "NSString+YDHandle.m"; sourceTree = "<group>"; };
		42D70AD01F46BA1900DF02AB /* YDYoudaoTransTool.h */ = {isa = PBXFileReference; fileEncoding = 4; lastKnownFileType = sourcecode.c.h; path = YDYoudaoTransTool.h; sourceTree = "<group>"; };
		42D70AD11F46BA1900DF02AB /* YDYoudaoTransTool.m */ = {isa = PBXFileReference; fileEncoding = 4; lastKnownFileType = sourcecode.c.objc; path = YDYoudaoTransTool.m; sourceTree = "<group>"; };
		42D70AE71F46BF2B00DF02AB /* AdSupport.framework */ = {isa = PBXFileReference; lastKnownFileType = wrapper.framework; name = AdSupport.framework; path = System/Library/Frameworks/AdSupport.framework; sourceTree = SDKROOT; };
		42D70AE91F46BF3B00DF02AB /* libstdc++.6.0.9.tbd */ = {isa = PBXFileReference; lastKnownFileType = "sourcecode.text-based-dylib-definition"; name = "libstdc++.6.0.9.tbd"; path = "usr/lib/libstdc++.6.0.9.tbd"; sourceTree = SDKROOT; };
		42D70AEB1F46BF4900DF02AB /* CoreTelephony.framework */ = {isa = PBXFileReference; lastKnownFileType = wrapper.framework; name = CoreTelephony.framework; path = System/Library/Frameworks/CoreTelephony.framework; sourceTree = SDKROOT; };
		42D70AED1F46BF5100DF02AB /* SystemConfiguration.framework */ = {isa = PBXFileReference; lastKnownFileType = wrapper.framework; name = SystemConfiguration.framework; path = System/Library/Frameworks/SystemConfiguration.framework; sourceTree = SDKROOT; };
		42D70AEF1F46BF5C00DF02AB /* libz.tbd */ = {isa = PBXFileReference; lastKnownFileType = "sourcecode.text-based-dylib-definition"; name = libz.tbd; path = usr/lib/libz.tbd; sourceTree = SDKROOT; };
		42D70AF11F46BF6400DF02AB /* libsqlite3.tbd */ = {isa = PBXFileReference; lastKnownFileType = "sourcecode.text-based-dylib-definition"; name = libsqlite3.tbd; path = usr/lib/libsqlite3.tbd; sourceTree = SDKROOT; };
		42D70AF31F46D54400DF02AB /* NSString+Hashes.h */ = {isa = PBXFileReference; fileEncoding = 4; lastKnownFileType = sourcecode.c.h; path = "NSString+Hashes.h"; sourceTree = "<group>"; };
		42D70AF41F46D54400DF02AB /* NSString+Hashes.m */ = {isa = PBXFileReference; fileEncoding = 4; lastKnownFileType = sourcecode.c.objc; path = "NSString+Hashes.m"; sourceTree = "<group>"; };
		42D70AF61F46E04F00DF02AB /* YDYoudaoModel.h */ = {isa = PBXFileReference; fileEncoding = 4; lastKnownFileType = sourcecode.c.h; path = YDYoudaoModel.h; sourceTree = "<group>"; };
		42D70AF71F46E04F00DF02AB /* YDYoudaoModel.m */ = {isa = PBXFileReference; fileEncoding = 4; lastKnownFileType = sourcecode.c.objc; path = YDYoudaoModel.m; sourceTree = "<group>"; };
		42D7563E1F45BECA0025B7D6 /* YDTimeTool.h */ = {isa = PBXFileReference; fileEncoding = 4; lastKnownFileType = sourcecode.c.h; path = YDTimeTool.h; sourceTree = "<group>"; };
		42D7563F1F45BECA0025B7D6 /* YDTimeTool.m */ = {isa = PBXFileReference; fileEncoding = 4; lastKnownFileType = sourcecode.c.objc; path = YDTimeTool.m; sourceTree = "<group>"; };
		42E7B2621F4E850E00C1A178 /* YDBDTransTool.h */ = {isa = PBXFileReference; fileEncoding = 4; lastKnownFileType = sourcecode.c.h; path = YDBDTransTool.h; sourceTree = "<group>"; };
		42E7B2631F4E850E00C1A178 /* YDBDTransTool.m */ = {isa = PBXFileReference; fileEncoding = 4; lastKnownFileType = sourcecode.c.objc; path = YDBDTransTool.m; sourceTree = "<group>"; };
		42E7B2681F4EBE4800C1A178 /* YDV2TBottomView.h */ = {isa = PBXFileReference; fileEncoding = 4; lastKnownFileType = sourcecode.c.h; path = YDV2TBottomView.h; sourceTree = "<group>"; };
		42E7B2691F4EBE4800C1A178 /* YDV2TBottomView.m */ = {isa = PBXFileReference; fileEncoding = 4; lastKnownFileType = sourcecode.c.objc; path = YDV2TBottomView.m; sourceTree = "<group>"; };
		42E7B26B1F4EBE5A00C1A178 /* YDT2TBottomView.h */ = {isa = PBXFileReference; fileEncoding = 4; lastKnownFileType = sourcecode.c.h; path = YDT2TBottomView.h; sourceTree = "<group>"; };
		42E7B26C1F4EBE5A00C1A178 /* YDT2TBottomView.m */ = {isa = PBXFileReference; fileEncoding = 4; lastKnownFileType = sourcecode.c.objc; path = YDT2TBottomView.m; sourceTree = "<group>"; };
		42E7B26E1F4ED14100C1A178 /* YDLangView.h */ = {isa = PBXFileReference; fileEncoding = 4; lastKnownFileType = sourcecode.c.h; path = YDLangView.h; sourceTree = "<group>"; };
		42E7B26F1F4ED14100C1A178 /* YDLangView.m */ = {isa = PBXFileReference; fileEncoding = 4; lastKnownFileType = sourcecode.c.objc; path = YDLangView.m; sourceTree = "<group>"; };
		42E7B2711F4ED1A800C1A178 /* YDLangBtn.h */ = {isa = PBXFileReference; fileEncoding = 4; lastKnownFileType = sourcecode.c.h; path = YDLangBtn.h; sourceTree = "<group>"; };
		42E7B2721F4ED1A800C1A178 /* YDLangBtn.m */ = {isa = PBXFileReference; fileEncoding = 4; lastKnownFileType = sourcecode.c.objc; path = YDLangBtn.m; sourceTree = "<group>"; };
		5E3A8FAAD343549318C736D5 /* Pods-YDialogues.release.xcconfig */ = {isa = PBXFileReference; includeInIndex = 1; lastKnownFileType = text.xcconfig; name = "Pods-YDialogues.release.xcconfig"; path = "Pods/Target Support Files/Pods-YDialogues/Pods-YDialogues.release.xcconfig"; sourceTree = "<group>"; };
		8D89C3DC092C00F9C2F034C9 /* libPods-YDialogues.a */ = {isa = PBXFileReference; explicitFileType = archive.ar; includeInIndex = 0; path = "libPods-YDialogues.a"; sourceTree = BUILT_PRODUCTS_DIR; };
/* End PBXFileReference section */

/* Begin PBXFrameworksBuildPhase section */
		428BD58C1EE8E19800463C1E /* Frameworks */ = {
			isa = PBXFrameworksBuildPhase;
			buildActionMask = 2147483647;
			files = (
				4C999AD4587F3DB61D4D85F9 /* libPods-YDialogues.a in Frameworks */,
			);
			runOnlyForDeploymentPostprocessing = 0;
		};
/* End PBXFrameworksBuildPhase section */

/* Begin PBXGroup section */
		421B84D11F4DB251003FE9EE /* v2c */ = {
			isa = PBXGroup;
			children = (
				421B84D21F4DB26C003FE9EE /* YDV2TManager.h */,
				421B84D31F4DB26C003FE9EE /* YDV2TManager.m */,
				421B84D51F4DB27C003FE9EE /* YDV2TTool.h */,
				421B84D61F4DB27C003FE9EE /* YDV2TTool.m */,
				421B84D81F4DB28A003FE9EE /* YDT2VTool.h */,
				421B84D91F4DB28A003FE9EE /* YDT2VTool.m */,
			);
			path = v2c;
			sourceTree = "<group>";
		};
		421F3D531F4FB41500BC1F06 /* sources */ = {
			isa = PBXGroup;
			children = (
				421F3DD51F4FB56200BC1F06 /* country.json */,
				421F3DD61F4FB56200BC1F06 /* language.json */,
				421F3D541F4FB51600BC1F06 /* flag */,
			);
			path = sources;
			sourceTree = "<group>";
		};
		421F3D541F4FB51600BC1F06 /* flag */ = {
			isa = PBXGroup;
			children = (
				421F3D551F4FB51600BC1F06 /* flag_1.png */,
				421F3D561F4FB51600BC1F06 /* flag_10.png */,
				421F3D571F4FB51600BC1F06 /* flag_11.png */,
				421F3D581F4FB51600BC1F06 /* flag_12.png */,
				421F3D591F4FB51600BC1F06 /* flag_13.png */,
				421F3D5A1F4FB51600BC1F06 /* flag_14.png */,
				421F3D5B1F4FB51600BC1F06 /* flag_15.png */,
				421F3D5C1F4FB51600BC1F06 /* flag_16.png */,
				421F3D5D1F4FB51600BC1F06 /* flag_17.png */,
				421F3D5E1F4FB51600BC1F06 /* flag_18.png */,
				421F3D5F1F4FB51600BC1F06 /* flag_19.png */,
				421F3D601F4FB51600BC1F06 /* flag_2.png */,
				421F3D611F4FB51600BC1F06 /* flag_20.png */,
				421F3D621F4FB51600BC1F06 /* flag_21.png */,
				421F3D631F4FB51600BC1F06 /* flag_22.png */,
				421F3D641F4FB51600BC1F06 /* flag_23.png */,
				421F3D651F4FB51600BC1F06 /* flag_24.png */,
				421F3D661F4FB51600BC1F06 /* flag_25.png */,
				421F3D671F4FB51600BC1F06 /* flag_26.png */,
				421F3D681F4FB51600BC1F06 /* flag_27.png */,
				421F3D691F4FB51600BC1F06 /* flag_28.png */,
				421F3D6A1F4FB51600BC1F06 /* flag_29.png */,
				421F3D6B1F4FB51600BC1F06 /* flag_3.png */,
				421F3D6C1F4FB51600BC1F06 /* flag_30.png */,
				421F3D6D1F4FB51600BC1F06 /* flag_31.png */,
				421F3D6E1F4FB51600BC1F06 /* flag_32.png */,
				421F3D6F1F4FB51600BC1F06 /* flag_33.png */,
				421F3D701F4FB51600BC1F06 /* flag_34.png */,
				421F3D711F4FB51600BC1F06 /* flag_35.png */,
				421F3D721F4FB51600BC1F06 /* flag_36.png */,
				421F3D731F4FB51600BC1F06 /* flag_37.png */,
				421F3D741F4FB51600BC1F06 /* flag_38.png */,
				421F3D751F4FB51600BC1F06 /* flag_39.png */,
				421F3D761F4FB51600BC1F06 /* flag_4.png */,
				421F3D771F4FB51600BC1F06 /* flag_40.png */,
				421F3D781F4FB51600BC1F06 /* flag_41.png */,
				421F3D791F4FB51600BC1F06 /* flag_42.png */,
				421F3D7A1F4FB51600BC1F06 /* flag_43.png */,
				421F3D7B1F4FB51600BC1F06 /* flag_44.png */,
				421F3D7C1F4FB51600BC1F06 /* flag_45.png */,
				421F3D7D1F4FB51600BC1F06 /* flag_46.png */,
				421F3D7E1F4FB51600BC1F06 /* flag_47.png */,
				421F3D7F1F4FB51600BC1F06 /* flag_48.png */,
				421F3D801F4FB51600BC1F06 /* flag_49.png */,
				421F3D811F4FB51600BC1F06 /* flag_5.png */,
				421F3D821F4FB51600BC1F06 /* flag_50.png */,
				421F3D831F4FB51600BC1F06 /* flag_51.png */,
				421F3D841F4FB51600BC1F06 /* flag_52.png */,
				421F3D851F4FB51600BC1F06 /* flag_53.png */,
				421F3D861F4FB51600BC1F06 /* flag_54.png */,
				421F3D871F4FB51600BC1F06 /* flag_55.png */,
				421F3D881F4FB51600BC1F06 /* flag_56.png */,
				421F3D891F4FB51600BC1F06 /* flag_6.png */,
				421F3D8A1F4FB51600BC1F06 /* flag_60.png */,
				421F3D8B1F4FB51600BC1F06 /* flag_61.png */,
				421F3D8C1F4FB51600BC1F06 /* flag_62.png */,
				421F3D8D1F4FB51600BC1F06 /* flag_63.png */,
				421F3D8E1F4FB51600BC1F06 /* flag_64.png */,
				421F3D8F1F4FB51600BC1F06 /* flag_65.png */,
				421F3D901F4FB51600BC1F06 /* flag_66.png */,
				421F3D911F4FB51600BC1F06 /* flag_67.png */,
				421F3D921F4FB51600BC1F06 /* flag_7.png */,
				421F3D931F4FB51600BC1F06 /* flag_8.png */,
				421F3D941F4FB51600BC1F06 /* flag_9.png */,
			);
			path = flag;
			sourceTree = "<group>";
		};
		422A686F1EF2BF1600326466 /* view */ = {
			isa = PBXGroup;
			children = (
				42AF1AB31F4D33E600851D9D /* YDV2TCell.h */,
				42AF1AB41F4D33E600851D9D /* YDV2TCell.m */,
				42E7B2711F4ED1A800C1A178 /* YDLangBtn.h */,
				42E7B2721F4ED1A800C1A178 /* YDLangBtn.m */,
				42E7B26E1F4ED14100C1A178 /* YDLangView.h */,
				42E7B26F1F4ED14100C1A178 /* YDLangView.m */,
				42E7B2681F4EBE4800C1A178 /* YDV2TBottomView.h */,
				42E7B2691F4EBE4800C1A178 /* YDV2TBottomView.m */,
				42E7B26B1F4EBE5A00C1A178 /* YDT2TBottomView.h */,
				42E7B26C1F4EBE5A00C1A178 /* YDT2TBottomView.m */,
			);
			path = view;
			sourceTree = "<group>";
		};
		425969361F4579E500C1A817 /* custom view */ = {
			isa = PBXGroup;
			children = (
				425969371F4579FE00C1A817 /* YDRadiusView.h */,
				425969381F4579FE00C1A817 /* YDRadiusView.m */,
				42AF1ABC1F4D6E8E00851D9D /* YDWindowView.h */,
				42AF1ABD1F4D6E8E00851D9D /* YDWindowView.m */,
			);
			path = "custom view";
			sourceTree = "<group>";
		};
		428BD5861EE8E19800463C1E = {
			isa = PBXGroup;
			children = (
				428BD5911EE8E19800463C1E /* YDialogues */,
				428BD5AB1EE8E19B00463C1E /* YDialoguesTests */,
				428BD5B61EE8E19B00463C1E /* YDialoguesUITests */,
				428BD5901EE8E19800463C1E /* Products */,
				BC45531BCF27334F3CB16C75 /* Pods */,
				BBDE8A9D656650C8195B6899 /* Frameworks */,
			);
			sourceTree = "<group>";
		};
		428BD5901EE8E19800463C1E /* Products */ = {
			isa = PBXGroup;
			children = (
				428BD58F1EE8E19800463C1E /* YDialogues.app */,
			);
			name = Products;
			sourceTree = "<group>";
		};
		428BD5911EE8E19800463C1E /* YDialogues */ = {
			isa = PBXGroup;
			children = (
				421F3D531F4FB41500BC1F06 /* sources */,
				42D70AD31F46BDAD00DF02AB /* lib */,
				425969361F4579E500C1A817 /* custom view */,
				4298A6391EEA96010097BF1D /* tool */,
				4298A6141EEA53FF0097BF1D /* commonModel */,
				428BD5E01EE922FE00463C1E /* translation */,
				428BD5CE1EE8E28900463C1E /* pay */,
				428BD5D21EE8E50C00463C1E /* category */,
				428BD5C51EE8E28900463C1E /* database */,
				4298A6101EEA4F070097BF1D /* server */,
				428BD5951EE8E19800463C1E /* AppDelegate.h */,
				428BD5961EE8E19800463C1E /* AppDelegate.m */,
				428BD59B1EE8E19800463C1E /* Main.storyboard */,
				428BD59E1EE8E19800463C1E /* Assets.xcassets */,
				428BD5A01EE8E19800463C1E /* LaunchScreen.storyboard */,
				428BD5A31EE8E19900463C1E /* Info.plist */,
				428BD5D61EE8E78A00463C1E /* YDialogue.pch */,
				428BD5921EE8E19800463C1E /* Supporting Files */,
			);
			path = YDialogues;
			sourceTree = "<group>";
		};
		428BD5921EE8E19800463C1E /* Supporting Files */ = {
			isa = PBXGroup;
			children = (
				428BD5931EE8E19800463C1E /* main.m */,
			);
			name = "Supporting Files";
			sourceTree = "<group>";
		};
		428BD5AB1EE8E19B00463C1E /* YDialoguesTests */ = {
			isa = PBXGroup;
			children = (
				428BD5AC1EE8E19B00463C1E /* YDialoguesTests.m */,
				428BD5AE1EE8E19B00463C1E /* Info.plist */,
			);
			path = YDialoguesTests;
			sourceTree = "<group>";
		};
		428BD5B61EE8E19B00463C1E /* YDialoguesUITests */ = {
			isa = PBXGroup;
			children = (
				428BD5B71EE8E19B00463C1E /* YDialoguesUITests.m */,
				428BD5B91EE8E19B00463C1E /* Info.plist */,
			);
			path = YDialoguesUITests;
			sourceTree = "<group>";
		};
		428BD5C51EE8E28900463C1E /* database */ = {
			isa = PBXGroup;
			children = (
				428BD5D71EE8EB7E00463C1E /* YDDBTool.h */,
				428BD5D81EE8EB7E00463C1E /* YDDBTool.m */,
				425969461F458F6400C1A817 /* YDDBTool+transCache.h */,
				425969471F458F6400C1A817 /* YDDBTool+transCache.m */,
			);
			path = database;
			sourceTree = "<group>";
		};
		428BD5CE1EE8E28900463C1E /* pay */ = {
			isa = PBXGroup;
			children = (
				428BD5CF1EE8E2BF00463C1E /* YXFPayTool.h */,
				428BD5D01EE8E2BF00463C1E /* YXFPayTool.m */,
			);
			path = pay;
			sourceTree = "<group>";
		};
		428BD5D21EE8E50C00463C1E /* category */ = {
			isa = PBXGroup;
			children = (
				42D70AF31F46D54400DF02AB /* NSString+Hashes.h */,
				42D70AF41F46D54400DF02AB /* NSString+Hashes.m */,
				428BD5D31EE8E53A00463C1E /* NSError+Custom.h */,
				428BD5D41EE8E53A00463C1E /* NSError+Custom.m */,
				428BD5DA1EE8EC5700463C1E /* NSString+FilePath.h */,
				428BD5DB1EE8EC5700463C1E /* NSString+FilePath.m */,
				42CCB4881EF262A700995C0B /* NSString+YDHandle.h */,
				42CCB4891EF262A700995C0B /* NSString+YDHandle.m */,
				428BD5ED1EE9295B00463C1E /* UILabel+Normal.h */,
				428BD5EE1EE9295B00463C1E /* UILabel+Normal.m */,
				42AF1AB61F4D542400851D9D /* UIView+FrameExtention.h */,
				42AF1AB71F4D542400851D9D /* UIView+FrameExtention.m */,
			);
			path = category;
			sourceTree = "<group>";
		};
		428BD5E01EE922FE00463C1E /* translation */ = {
			isa = PBXGroup;
			children = (
				428BD5E11EE922FE00463C1E /* controller */,
				422A686F1EF2BF1600326466 /* view */,
				428BD5E21EE922FE00463C1E /* model */,
			);
			path = translation;
			sourceTree = "<group>";
		};
		428BD5E11EE922FE00463C1E /* controller */ = {
			isa = PBXGroup;
			children = (
				42AF1AB01F4D26E100851D9D /* YDV2TViewController.h */,
				42AF1AB11F4D26E100851D9D /* YDV2TViewController.m */,
				4232B5F01F4ABE2D002532BD /* YDOcrViewController.h */,
				4232B5F11F4ABE2D002532BD /* YDOcrViewController.m */,
				421F3D501F4FB3EA00BC1F06 /* YDLanguagesViewController.h */,
				421F3D511F4FB3EA00BC1F06 /* YDLanguagesViewController.m */,
			);
			path = controller;
			sourceTree = "<group>";
		};
		428BD5E21EE922FE00463C1E /* model */ = {
			isa = PBXGroup;
			children = (
				42D70AF61F46E04F00DF02AB /* YDYoudaoModel.h */,
				42D70AF71F46E04F00DF02AB /* YDYoudaoModel.m */,
				42AF1AB91F4D58DB00851D9D /* YDV2TModel.h */,
				42AF1ABA1F4D58DB00851D9D /* YDV2TModel.m */,
			);
			path = model;
			sourceTree = "<group>";
		};
		4298A6101EEA4F070097BF1D /* server */ = {
			isa = PBXGroup;
			children = (
				4298A6111EEA50020097BF1D /* YDNetServerManager.h */,
				4298A6121EEA50020097BF1D /* YDNetServerManager.m */,
			);
			path = server;
			sourceTree = "<group>";
		};
		4298A6141EEA53FF0097BF1D /* commonModel */ = {
			isa = PBXGroup;
			children = (
				4298A6211EEA7BB60097BF1D /* YDBaseModel.h */,
				4298A6221EEA7BB60097BF1D /* YDBaseModel.m */,
				425969301F454A7A00C1A817 /* YDCommonModel.h */,
				425969311F454A7A00C1A817 /* YDCommonModel.m */,
			);
			path = commonModel;
			sourceTree = "<group>";
		};
		4298A6391EEA96010097BF1D /* tool */ = {
			isa = PBXGroup;
			children = (
				421B84D11F4DB251003FE9EE /* v2c */,
				42D70ACF1F46B9F800DF02AB /* translation */,
				4298A63A1EEA961A0097BF1D /* YDRegexTool.h */,
				4298A63B1EEA961A0097BF1D /* YDRegexTool.m */,
				42D7563E1F45BECA0025B7D6 /* YDTimeTool.h */,
				42D7563F1F45BECA0025B7D6 /* YDTimeTool.m */,
				42CCB44A1EF23C2900995C0B /* src */,
			);
			path = tool;
			sourceTree = "<group>";
		};
		42CCB44A1EF23C2900995C0B /* src */ = {
			isa = PBXGroup;
			children = (
				42CCB44B1EF23C2900995C0B /* DOUAudioAnalyzer+Default.h */,
				42CCB44C1EF23C2900995C0B /* DOUAudioAnalyzer+Default.m */,
				42CCB44D1EF23C2900995C0B /* DOUAudioAnalyzer.h */,
				42CCB44E1EF23C2900995C0B /* DOUAudioAnalyzer.m */,
				42CCB44F1EF23C2900995C0B /* DOUAudioAnalyzer_Private.h */,
				42CCB4501EF23C2900995C0B /* DOUAudioBase.h */,
				42CCB4511EF23C2900995C0B /* DOUAudioDecoder.h */,
				42CCB4521EF23C2900995C0B /* DOUAudioDecoder.m */,
				42CCB4531EF23C2900995C0B /* DOUAudioEventLoop.h */,
				42CCB4541EF23C2900995C0B /* DOUAudioEventLoop.m */,
				42CCB4551EF23C2900995C0B /* DOUAudioFile.h */,
				42CCB4561EF23C2900995C0B /* DOUAudioFilePreprocessor.h */,
				42CCB4571EF23C2900995C0B /* DOUAudioFilePreprocessor.m */,
				42CCB4581EF23C2900995C0B /* DOUAudioFileProvider.h */,
				42CCB4591EF23C2900995C0B /* DOUAudioFileProvider.m */,
				42CCB45A1EF23C2900995C0B /* DOUAudioFrequencyAnalyzer.h */,
				42CCB45B1EF23C2900995C0B /* DOUAudioFrequencyAnalyzer.m */,
				42CCB45C1EF23C2900995C0B /* DOUAudioLPCM.h */,
				42CCB45D1EF23C2900995C0B /* DOUAudioLPCM.m */,
				42CCB45E1EF23C2900995C0B /* DOUAudioPlaybackItem.h */,
				42CCB45F1EF23C2900995C0B /* DOUAudioPlaybackItem.m */,
				42CCB4601EF23C2900995C0B /* DOUAudioRenderer.h */,
				42CCB4611EF23C2900995C0B /* DOUAudioRenderer.m */,
				42CCB4621EF23C2900995C0B /* DOUAudioSpatialAnalyzer.h */,
				42CCB4631EF23C2900995C0B /* DOUAudioSpatialAnalyzer.m */,
				42CCB4641EF23C2900995C0B /* DOUAudioStreamer+Options.h */,
				42CCB4651EF23C2900995C0B /* DOUAudioStreamer+Options.m */,
				42CCB4661EF23C2900995C0B /* DOUAudioStreamer.h */,
				42CCB4671EF23C2900995C0B /* DOUAudioStreamer.m */,
				42CCB4681EF23C2900995C0B /* DOUAudioStreamer_Private.h */,
				42CCB4691EF23C2900995C0B /* DOUAudioVisualizer.h */,
				42CCB46A1EF23C2900995C0B /* DOUAudioVisualizer.m */,
				42CCB46B1EF23C2900995C0B /* DOUEAGLView.h */,
				42CCB46C1EF23C2900995C0B /* DOUEAGLView.m */,
				42CCB46D1EF23C2900995C0B /* DOUMPMediaLibraryAssetLoader.h */,
				42CCB46E1EF23C2900995C0B /* DOUMPMediaLibraryAssetLoader.m */,
				42CCB46F1EF23C2900995C0B /* DOUSimpleHTTPRequest.h */,
				42CCB4701EF23C2900995C0B /* DOUSimpleHTTPRequest.m */,
				42CCB4711EF23C2900995C0B /* NSData+DOUMappedFile.h */,
				42CCB4721EF23C2900995C0B /* NSData+DOUMappedFile.m */,
			);
			path = src;
			sourceTree = "<group>";
		};
		42D70ACF1F46B9F800DF02AB /* translation */ = {
			isa = PBXGroup;
			children = (
				42D70AD01F46BA1900DF02AB /* YDYoudaoTransTool.h */,
				42D70AD11F46BA1900DF02AB /* YDYoudaoTransTool.m */,
				42E7B2621F4E850E00C1A178 /* YDBDTransTool.h */,
				42E7B2631F4E850E00C1A178 /* YDBDTransTool.m */,
				4232B5F31F4ABFB6002532BD /* YDOcrTool.h */,
				4232B5F41F4ABFB6002532BD /* YDOcrTool.m */,
				4232B5F61F4ABFE9002532BD /* YDYoudaoConfig.h */,
				4232B5F71F4ABFE9002532BD /* YDYoudaoConfig.m */,
			);
			path = translation;
			sourceTree = "<group>";
		};
		42D70AD31F46BDAD00DF02AB /* lib */ = {
			isa = PBXGroup;
			children = (
			);
			path = lib;
			sourceTree = "<group>";
		};
		BBDE8A9D656650C8195B6899 /* Frameworks */ = {
			isa = PBXGroup;
			children = (
				42D70AF11F46BF6400DF02AB /* libsqlite3.tbd */,
				42D70AEF1F46BF5C00DF02AB /* libz.tbd */,
				42D70AED1F46BF5100DF02AB /* SystemConfiguration.framework */,
				42D70AEB1F46BF4900DF02AB /* CoreTelephony.framework */,
				42D70AE91F46BF3B00DF02AB /* libstdc++.6.0.9.tbd */,
				42D70AE71F46BF2B00DF02AB /* AdSupport.framework */,
				8D89C3DC092C00F9C2F034C9 /* libPods-YDialogues.a */,
			);
			name = Frameworks;
			sourceTree = "<group>";
		};
		BC45531BCF27334F3CB16C75 /* Pods */ = {
			isa = PBXGroup;
			children = (
				339735FA8DAFA5E4C483A4C5 /* Pods-YDialogues.debug.xcconfig */,
				5E3A8FAAD343549318C736D5 /* Pods-YDialogues.release.xcconfig */,
			);
			name = Pods;
			sourceTree = "<group>";
		};
/* End PBXGroup section */

/* Begin PBXNativeTarget section */
		428BD58E1EE8E19800463C1E /* YDialogues */ = {
			isa = PBXNativeTarget;
			buildConfigurationList = 428BD5BC1EE8E19B00463C1E /* Build configuration list for PBXNativeTarget "YDialogues" */;
			buildPhases = (
				6086889C76C7275747659633 /* [CP] Check Pods Manifest.lock */,
				428BD58B1EE8E19800463C1E /* Sources */,
				428BD58C1EE8E19800463C1E /* Frameworks */,
				428BD58D1EE8E19800463C1E /* Resources */,
				E053EF401781111C8FCE9212 /* [CP] Embed Pods Frameworks */,
				7A659F0E5878DC972086A01F /* [CP] Copy Pods Resources */,
			);
			buildRules = (
			);
			dependencies = (
			);
			name = YDialogues;
			productName = YDialogues;
			productReference = 428BD58F1EE8E19800463C1E /* YDialogues.app */;
			productType = "com.apple.product-type.application";
		};
/* End PBXNativeTarget section */

/* Begin PBXProject section */
		428BD5871EE8E19800463C1E /* Project object */ = {
			isa = PBXProject;
			attributes = {
				CLASSPREFIX = YD;
				LastUpgradeCheck = 0830;
				ORGANIZATIONNAME = yxf;
				TargetAttributes = {
					428BD58E1EE8E19800463C1E = {
						CreatedOnToolsVersion = 8.3.2;
						DevelopmentTeam = HDBTF9879K;
						ProvisioningStyle = Manual;
					};
				};
			};
			buildConfigurationList = 428BD58A1EE8E19800463C1E /* Build configuration list for PBXProject "YDialogues" */;
			compatibilityVersion = "Xcode 3.2";
			developmentRegion = English;
			hasScannedForEncodings = 0;
			knownRegions = (
				en,
				Base,
			);
			mainGroup = 428BD5861EE8E19800463C1E;
			productRefGroup = 428BD5901EE8E19800463C1E /* Products */;
			projectDirPath = "";
			projectRoot = "";
			targets = (
				428BD58E1EE8E19800463C1E /* YDialogues */,
			);
		};
/* End PBXProject section */

/* Begin PBXResourcesBuildPhase section */
		428BD58D1EE8E19800463C1E /* Resources */ = {
			isa = PBXResourcesBuildPhase;
			buildActionMask = 2147483647;
			files = (
				421F3DB01F4FB51600BC1F06 /* flag_34.png in Resources */,
				421F3DAA1F4FB51600BC1F06 /* flag_29.png in Resources */,
				428BD5A21EE8E19800463C1E /* LaunchScreen.storyboard in Resources */,
				421F3DA91F4FB51600BC1F06 /* flag_28.png in Resources */,
				421F3DC01F4FB51600BC1F06 /* flag_49.png in Resources */,
				421F3D9B1F4FB51600BC1F06 /* flag_15.png in Resources */,
				421F3DCF1F4FB51600BC1F06 /* flag_65.png in Resources */,
				421F3DBF1F4FB51600BC1F06 /* flag_48.png in Resources */,
				421F3DD71F4FB56200BC1F06 /* country.json in Resources */,
				421F3DC51F4FB51600BC1F06 /* flag_53.png in Resources */,
				421F3DAC1F4FB51600BC1F06 /* flag_30.png in Resources */,
				421F3DB61F4FB51600BC1F06 /* flag_4.png in Resources */,
				421F3D971F4FB51600BC1F06 /* flag_11.png in Resources */,
				421F3DAE1F4FB51600BC1F06 /* flag_32.png in Resources */,
				421F3DC11F4FB51600BC1F06 /* flag_5.png in Resources */,
				421F3DD21F4FB51600BC1F06 /* flag_7.png in Resources */,
				421F3DC71F4FB51600BC1F06 /* flag_55.png in Resources */,
				421F3D981F4FB51600BC1F06 /* flag_12.png in Resources */,
				421F3DD41F4FB51600BC1F06 /* flag_9.png in Resources */,
				421F3D991F4FB51600BC1F06 /* flag_13.png in Resources */,
				421F3DB71F4FB51600BC1F06 /* flag_40.png in Resources */,
				421F3DC81F4FB51600BC1F06 /* flag_56.png in Resources */,
				421F3DA51F4FB51600BC1F06 /* flag_24.png in Resources */,
				421F3DBE1F4FB51600BC1F06 /* flag_47.png in Resources */,
				421F3DB91F4FB51600BC1F06 /* flag_42.png in Resources */,
				421F3D9C1F4FB51600BC1F06 /* flag_16.png in Resources */,
				421F3D9A1F4FB51600BC1F06 /* flag_14.png in Resources */,
				421F3D9D1F4FB51600BC1F06 /* flag_17.png in Resources */,
				421F3DC21F4FB51600BC1F06 /* flag_50.png in Resources */,
				421F3D961F4FB51600BC1F06 /* flag_10.png in Resources */,
				421F3DA11F4FB51600BC1F06 /* flag_20.png in Resources */,
				421F3DBC1F4FB51600BC1F06 /* flag_45.png in Resources */,
				421F3DCD1F4FB51600BC1F06 /* flag_63.png in Resources */,
				421F3D9F1F4FB51600BC1F06 /* flag_19.png in Resources */,
				421F3DAD1F4FB51600BC1F06 /* flag_31.png in Resources */,
				428BD59F1EE8E19800463C1E /* Assets.xcassets in Resources */,
				421F3DCA1F4FB51600BC1F06 /* flag_60.png in Resources */,
				421F3DA21F4FB51600BC1F06 /* flag_21.png in Resources */,
				421F3DAF1F4FB51600BC1F06 /* flag_33.png in Resources */,
				421F3DD81F4FB56200BC1F06 /* language.json in Resources */,
				421F3DD11F4FB51600BC1F06 /* flag_67.png in Resources */,
				421F3DBD1F4FB51600BC1F06 /* flag_46.png in Resources */,
				421F3DA41F4FB51600BC1F06 /* flag_23.png in Resources */,
				421F3DBB1F4FB51600BC1F06 /* flag_44.png in Resources */,
				421F3DC61F4FB51600BC1F06 /* flag_54.png in Resources */,
				421F3DD01F4FB51600BC1F06 /* flag_66.png in Resources */,
				421F3DB21F4FB51600BC1F06 /* flag_36.png in Resources */,
				421F3DC41F4FB51600BC1F06 /* flag_52.png in Resources */,
				421F3DA31F4FB51600BC1F06 /* flag_22.png in Resources */,
				428BD59D1EE8E19800463C1E /* Main.storyboard in Resources */,
				421F3DCE1F4FB51600BC1F06 /* flag_64.png in Resources */,
				421F3DBA1F4FB51600BC1F06 /* flag_43.png in Resources */,
				421F3DC31F4FB51600BC1F06 /* flag_51.png in Resources */,
				421F3DD31F4FB51600BC1F06 /* flag_8.png in Resources */,
				421F3DB31F4FB51600BC1F06 /* flag_37.png in Resources */,
				421F3DCC1F4FB51600BC1F06 /* flag_62.png in Resources */,
				421F3D951F4FB51600BC1F06 /* flag_1.png in Resources */,
				421F3D9E1F4FB51600BC1F06 /* flag_18.png in Resources */,
				421F3DA71F4FB51600BC1F06 /* flag_26.png in Resources */,
				421F3DB81F4FB51600BC1F06 /* flag_41.png in Resources */,
				421F3DB41F4FB51600BC1F06 /* flag_38.png in Resources */,
				421F3DA81F4FB51600BC1F06 /* flag_27.png in Resources */,
				421F3DB51F4FB51600BC1F06 /* flag_39.png in Resources */,
				421F3DCB1F4FB51600BC1F06 /* flag_61.png in Resources */,
				421F3DA61F4FB51600BC1F06 /* flag_25.png in Resources */,
				421F3DC91F4FB51600BC1F06 /* flag_6.png in Resources */,
				421F3DA01F4FB51600BC1F06 /* flag_2.png in Resources */,
				421F3DAB1F4FB51600BC1F06 /* flag_3.png in Resources */,
				421F3DB11F4FB51600BC1F06 /* flag_35.png in Resources */,
			);
			runOnlyForDeploymentPostprocessing = 0;
		};
/* End PBXResourcesBuildPhase section */

/* Begin PBXShellScriptBuildPhase section */
		6086889C76C7275747659633 /* [CP] Check Pods Manifest.lock */ = {
			isa = PBXShellScriptBuildPhase;
			buildActionMask = 2147483647;
			files = (
			);
			inputPaths = (
			);
			name = "[CP] Check Pods Manifest.lock";
			outputPaths = (
			);
			runOnlyForDeploymentPostprocessing = 0;
			shellPath = /bin/sh;
			shellScript = "diff \"${PODS_PODFILE_DIR_PATH}/Podfile.lock\" \"${PODS_ROOT}/Manifest.lock\" > /dev/null\nif [ $? != 0 ] ; then\n    # print error to STDERR\n    echo \"error: The sandbox is not in sync with the Podfile.lock. Run 'pod install' or update your CocoaPods installation.\" >&2\n    exit 1\nfi\n";
			showEnvVarsInLog = 0;
		};
		7A659F0E5878DC972086A01F /* [CP] Copy Pods Resources */ = {
			isa = PBXShellScriptBuildPhase;
			buildActionMask = 2147483647;
			files = (
			);
			inputPaths = (
			);
			name = "[CP] Copy Pods Resources";
			outputPaths = (
			);
			runOnlyForDeploymentPostprocessing = 0;
			shellPath = /bin/sh;
			shellScript = "\"${SRCROOT}/Pods/Target Support Files/Pods-YDialogues/Pods-YDialogues-resources.sh\"\n";
			showEnvVarsInLog = 0;
		};
		E053EF401781111C8FCE9212 /* [CP] Embed Pods Frameworks */ = {
			isa = PBXShellScriptBuildPhase;
			buildActionMask = 2147483647;
			files = (
			);
			inputPaths = (
			);
			name = "[CP] Embed Pods Frameworks";
			outputPaths = (
			);
			runOnlyForDeploymentPostprocessing = 0;
			shellPath = /bin/sh;
			shellScript = "\"${SRCROOT}/Pods/Target Support Files/Pods-YDialogues/Pods-YDialogues-frameworks.sh\"\n";
			showEnvVarsInLog = 0;
		};
/* End PBXShellScriptBuildPhase section */

/* Begin PBXSourcesBuildPhase section */
		428BD58B1EE8E19800463C1E /* Sources */ = {
			isa = PBXSourcesBuildPhase;
			buildActionMask = 2147483647;
			files = (
				42D70AF81F46E04F00DF02AB /* YDYoudaoModel.m in Sources */,
				42D756401F45BECA0025B7D6 /* YDTimeTool.m in Sources */,
				4298A63C1EEA961A0097BF1D /* YDRegexTool.m in Sources */,
				4298A6131EEA50020097BF1D /* YDNetServerManager.m in Sources */,
				42CCB47E1EF23C2A00995C0B /* DOUAudioStreamer+Options.m in Sources */,
				42CCB4731EF23C2A00995C0B /* DOUAudioAnalyzer+Default.m in Sources */,
				42CCB4741EF23C2A00995C0B /* DOUAudioAnalyzer.m in Sources */,
				42CCB4801EF23C2A00995C0B /* DOUAudioVisualizer.m in Sources */,
				4298A6231EEA7BB60097BF1D /* YDBaseModel.m in Sources */,
				42AF1ABE1F4D6E8E00851D9D /* YDWindowView.m in Sources */,
				42CCB4781EF23C2A00995C0B /* DOUAudioFileProvider.m in Sources */,
				42D70AD21F46BA1900DF02AB /* YDYoudaoTransTool.m in Sources */,
				42CCB4811EF23C2A00995C0B /* DOUEAGLView.m in Sources */,
				428BD5971EE8E19800463C1E /* AppDelegate.m in Sources */,
				428BD5D91EE8EB7E00463C1E /* YDDBTool.m in Sources */,
				425969481F458F6400C1A817 /* YDDBTool+transCache.m in Sources */,
				42CCB47F1EF23C2A00995C0B /* DOUAudioStreamer.m in Sources */,
				421B84D41F4DB26C003FE9EE /* YDV2TManager.m in Sources */,
				42AF1AB81F4D542400851D9D /* UIView+FrameExtention.m in Sources */,
				42E7B26D1F4EBE5A00C1A178 /* YDT2TBottomView.m in Sources */,
				42D70AF51F46D54400DF02AB /* NSString+Hashes.m in Sources */,
				42CCB4771EF23C2A00995C0B /* DOUAudioFilePreprocessor.m in Sources */,
				42AF1AB51F4D33E600851D9D /* YDV2TCell.m in Sources */,
				428BD5D51EE8E53A00463C1E /* NSError+Custom.m in Sources */,
				42CCB4751EF23C2A00995C0B /* DOUAudioDecoder.m in Sources */,
				42CCB47A1EF23C2A00995C0B /* DOUAudioLPCM.m in Sources */,
				421F3D521F4FB3EA00BC1F06 /* YDLanguagesViewController.m in Sources */,
				42AF1ABB1F4D58DB00851D9D /* YDV2TModel.m in Sources */,
				42CCB48A1EF262A700995C0B /* NSString+YDHandle.m in Sources */,
				428BD5D11EE8E2BF00463C1E /* YXFPayTool.m in Sources */,
				421B84DA1F4DB28A003FE9EE /* YDT2VTool.m in Sources */,
				42CCB47D1EF23C2A00995C0B /* DOUAudioSpatialAnalyzer.m in Sources */,
				425969391F4579FE00C1A817 /* YDRadiusView.m in Sources */,
				42CCB47B1EF23C2A00995C0B /* DOUAudioPlaybackItem.m in Sources */,
				42CCB4791EF23C2A00995C0B /* DOUAudioFrequencyAnalyzer.m in Sources */,
				425969321F454A7A00C1A817 /* YDCommonModel.m in Sources */,
				42CCB4821EF23C2A00995C0B /* DOUMPMediaLibraryAssetLoader.m in Sources */,
				428BD5941EE8E19800463C1E /* main.m in Sources */,
				42CCB4831EF23C2A00995C0B /* DOUSimpleHTTPRequest.m in Sources */,
				4232B5F21F4ABE2D002532BD /* YDOcrViewController.m in Sources */,
				4232B5F81F4ABFE9002532BD /* YDYoudaoConfig.m in Sources */,
				42E7B2701F4ED14100C1A178 /* YDLangView.m in Sources */,
				428BD5DC1EE8EC5700463C1E /* NSString+FilePath.m in Sources */,
				421B84D71F4DB27C003FE9EE /* YDV2TTool.m in Sources */,
				42E7B2641F4E850E00C1A178 /* YDBDTransTool.m in Sources */,
				4232B5F51F4ABFB6002532BD /* YDOcrTool.m in Sources */,
				428BD5EF1EE9295B00463C1E /* UILabel+Normal.m in Sources */,
				42E7B26A1F4EBE4800C1A178 /* YDV2TBottomView.m in Sources */,
				42E7B2731F4ED1A800C1A178 /* YDLangBtn.m in Sources */,
				42AF1AB21F4D26E100851D9D /* YDV2TViewController.m in Sources */,
				42CCB4761EF23C2A00995C0B /* DOUAudioEventLoop.m in Sources */,
				42CCB47C1EF23C2A00995C0B /* DOUAudioRenderer.m in Sources */,
				42CCB4841EF23C2A00995C0B /* NSData+DOUMappedFile.m in Sources */,
			);
			runOnlyForDeploymentPostprocessing = 0;
		};
/* End PBXSourcesBuildPhase section */

/* Begin PBXVariantGroup section */
		428BD59B1EE8E19800463C1E /* Main.storyboard */ = {
			isa = PBXVariantGroup;
			children = (
				428BD59C1EE8E19800463C1E /* Base */,
			);
			name = Main.storyboard;
			sourceTree = "<group>";
		};
		428BD5A01EE8E19800463C1E /* LaunchScreen.storyboard */ = {
			isa = PBXVariantGroup;
			children = (
				428BD5A11EE8E19800463C1E /* Base */,
			);
			name = LaunchScreen.storyboard;
			sourceTree = "<group>";
		};
/* End PBXVariantGroup section */

/* Begin XCBuildConfiguration section */
		428BD5BA1EE8E19B00463C1E /* Debug */ = {
			isa = XCBuildConfiguration;
			buildSettings = {
				ALWAYS_SEARCH_USER_PATHS = NO;
				CLANG_ANALYZER_NONNULL = YES;
				CLANG_ANALYZER_NUMBER_OBJECT_CONVERSION = YES_AGGRESSIVE;
				CLANG_CXX_LANGUAGE_STANDARD = "gnu++0x";
				CLANG_CXX_LIBRARY = "libc++";
				CLANG_ENABLE_MODULES = YES;
				CLANG_ENABLE_OBJC_ARC = YES;
				CLANG_WARN_BOOL_CONVERSION = YES;
				CLANG_WARN_CONSTANT_CONVERSION = YES;
				CLANG_WARN_DIRECT_OBJC_ISA_USAGE = YES_ERROR;
				CLANG_WARN_DOCUMENTATION_COMMENTS = YES;
				CLANG_WARN_EMPTY_BODY = YES;
				CLANG_WARN_ENUM_CONVERSION = YES;
				CLANG_WARN_INFINITE_RECURSION = YES;
				CLANG_WARN_INT_CONVERSION = YES;
				CLANG_WARN_OBJC_ROOT_CLASS = YES_ERROR;
				CLANG_WARN_SUSPICIOUS_MOVE = YES;
				CLANG_WARN_UNREACHABLE_CODE = YES;
				CLANG_WARN__DUPLICATE_METHOD_MATCH = YES;
				"CODE_SIGN_IDENTITY[sdk=iphoneos*]" = "iPhone Developer";
				COPY_PHASE_STRIP = NO;
				DEBUG_INFORMATION_FORMAT = dwarf;
				ENABLE_STRICT_OBJC_MSGSEND = YES;
				ENABLE_TESTABILITY = YES;
				GCC_C_LANGUAGE_STANDARD = gnu99;
				GCC_DYNAMIC_NO_PIC = NO;
				GCC_NO_COMMON_BLOCKS = YES;
				GCC_OPTIMIZATION_LEVEL = 0;
				GCC_PREPROCESSOR_DEFINITIONS = (
					"DEBUG=1",
					"$(inherited)",
				);
				GCC_WARN_64_TO_32_BIT_CONVERSION = YES;
				GCC_WARN_ABOUT_RETURN_TYPE = YES_ERROR;
				GCC_WARN_UNDECLARED_SELECTOR = YES;
				GCC_WARN_UNINITIALIZED_AUTOS = YES_AGGRESSIVE;
				GCC_WARN_UNUSED_FUNCTION = YES;
				GCC_WARN_UNUSED_VARIABLE = YES;
				IPHONEOS_DEPLOYMENT_TARGET = 10.0;
				MTL_ENABLE_DEBUG_INFO = YES;
				ONLY_ACTIVE_ARCH = YES;
				SDKROOT = iphoneos;
			};
			name = Debug;
		};
		428BD5BB1EE8E19B00463C1E /* Release */ = {
			isa = XCBuildConfiguration;
			buildSettings = {
				ALWAYS_SEARCH_USER_PATHS = NO;
				CLANG_ANALYZER_NONNULL = YES;
				CLANG_ANALYZER_NUMBER_OBJECT_CONVERSION = YES_AGGRESSIVE;
				CLANG_CXX_LANGUAGE_STANDARD = "gnu++0x";
				CLANG_CXX_LIBRARY = "libc++";
				CLANG_ENABLE_MODULES = YES;
				CLANG_ENABLE_OBJC_ARC = YES;
				CLANG_WARN_BOOL_CONVERSION = YES;
				CLANG_WARN_CONSTANT_CONVERSION = YES;
				CLANG_WARN_DIRECT_OBJC_ISA_USAGE = YES_ERROR;
				CLANG_WARN_DOCUMENTATION_COMMENTS = YES;
				CLANG_WARN_EMPTY_BODY = YES;
				CLANG_WARN_ENUM_CONVERSION = YES;
				CLANG_WARN_INFINITE_RECURSION = YES;
				CLANG_WARN_INT_CONVERSION = YES;
				CLANG_WARN_OBJC_ROOT_CLASS = YES_ERROR;
				CLANG_WARN_SUSPICIOUS_MOVE = YES;
				CLANG_WARN_UNREACHABLE_CODE = YES;
				CLANG_WARN__DUPLICATE_METHOD_MATCH = YES;
				"CODE_SIGN_IDENTITY[sdk=iphoneos*]" = "iPhone Developer";
				COPY_PHASE_STRIP = NO;
				DEBUG_INFORMATION_FORMAT = "dwarf-with-dsym";
				ENABLE_NS_ASSERTIONS = NO;
				ENABLE_STRICT_OBJC_MSGSEND = YES;
				GCC_C_LANGUAGE_STANDARD = gnu99;
				GCC_NO_COMMON_BLOCKS = YES;
				GCC_WARN_64_TO_32_BIT_CONVERSION = YES;
				GCC_WARN_ABOUT_RETURN_TYPE = YES_ERROR;
				GCC_WARN_UNDECLARED_SELECTOR = YES;
				GCC_WARN_UNINITIALIZED_AUTOS = YES_AGGRESSIVE;
				GCC_WARN_UNUSED_FUNCTION = YES;
				GCC_WARN_UNUSED_VARIABLE = YES;
				IPHONEOS_DEPLOYMENT_TARGET = 10.0;
				MTL_ENABLE_DEBUG_INFO = NO;
				SDKROOT = iphoneos;
				VALIDATE_PRODUCT = YES;
			};
			name = Release;
		};
		428BD5BD1EE8E19B00463C1E /* Debug */ = {
			isa = XCBuildConfiguration;
			baseConfigurationReference = 339735FA8DAFA5E4C483A4C5 /* Pods-YDialogues.debug.xcconfig */;
			buildSettings = {
				ASSETCATALOG_COMPILER_APPICON_NAME = AppIcon;
				DEVELOPMENT_TEAM = HDBTF9879K;
				GCC_PREFIX_HEADER = "$(SRCROOT)/YDialogues/YDialogue.pch";
				INFOPLIST_FILE = YDialogues/Info.plist;
				IPHONEOS_DEPLOYMENT_TARGET = 10.0;
				LD_RUNPATH_SEARCH_PATHS = "$(inherited) @executable_path/Frameworks";
				LIBRARY_SEARCH_PATHS = (
					"$(inherited)",
					"$(PROJECT_DIR)/YDialogues/lib/youdao/ai-ocr-ios-sdk-v1",
					"$(PROJECT_DIR)/YDialogues/lib/youdao/ai-translate-ios-sdk-v1",
				);
				PRODUCT_BUNDLE_IDENTIFIER = com.yxf.pocketionary;
				PRODUCT_NAME = "$(TARGET_NAME)";
				PROVISIONING_PROFILE = "bef5619b-e5fb-4009-a973-133718dee740";
				PROVISIONING_PROFILE_SPECIFIER = pocketionary;
			};
			name = Debug;
		};
		428BD5BE1EE8E19B00463C1E /* Release */ = {
			isa = XCBuildConfiguration;
			baseConfigurationReference = 5E3A8FAAD343549318C736D5 /* Pods-YDialogues.release.xcconfig */;
			buildSettings = {
				ASSETCATALOG_COMPILER_APPICON_NAME = AppIcon;
				DEVELOPMENT_TEAM = "";
				GCC_PREFIX_HEADER = "$(SRCROOT)/YDialogues/YDialogue.pch";
				INFOPLIST_FILE = YDialogues/Info.plist;
				IPHONEOS_DEPLOYMENT_TARGET = 10.0;
				LD_RUNPATH_SEARCH_PATHS = "$(inherited) @executable_path/Frameworks";
				LIBRARY_SEARCH_PATHS = (
					"$(inherited)",
					"$(PROJECT_DIR)/YDialogues/lib/youdao/ai-ocr-ios-sdk-v1",
					"$(PROJECT_DIR)/YDialogues/lib/youdao/ai-translate-ios-sdk-v1",
				);
				PRODUCT_BUNDLE_IDENTIFIER = com.yxf.pocketionary;
				PRODUCT_NAME = "$(TARGET_NAME)";
				PROVISIONING_PROFILE_SPECIFIER = "";
			};
			name = Release;
		};
/* End XCBuildConfiguration section */

/* Begin XCConfigurationList section */
		428BD58A1EE8E19800463C1E /* Build configuration list for PBXProject "YDialogues" */ = {
			isa = XCConfigurationList;
			buildConfigurations = (
				428BD5BA1EE8E19B00463C1E /* Debug */,
				428BD5BB1EE8E19B00463C1E /* Release */,
			);
			defaultConfigurationIsVisible = 0;
			defaultConfigurationName = Release;
		};
		428BD5BC1EE8E19B00463C1E /* Build configuration list for PBXNativeTarget "YDialogues" */ = {
			isa = XCConfigurationList;
			buildConfigurations = (
				428BD5BD1EE8E19B00463C1E /* Debug */,
				428BD5BE1EE8E19B00463C1E /* Release */,
			);
			defaultConfigurationIsVisible = 0;
			defaultConfigurationName = Release;
		};
/* End XCConfigurationList section */
	};
	rootObject = 428BD5871EE8E19800463C1E /* Project object */;
}
